// !$*UTF8*$!
{
	archiveVersion = 1;
	classes = {
	};
	objectVersion = 50;
	objects = {

/* Begin PBXBuildFile section */
		1B155F07256C06D000019C2F /* AppDelegate.swift in Sources */ = {isa = PBXBuildFile; fileRef = 1B155F06256C06D000019C2F /* AppDelegate.swift */; };
		1B155F09256C06D000019C2F /* SceneDelegate.swift in Sources */ = {isa = PBXBuildFile; fileRef = 1B155F08256C06D000019C2F /* SceneDelegate.swift */; };
		1B155F0B256C06D000019C2F /* AuthView.swift in Sources */ = {isa = PBXBuildFile; fileRef = 1B155F0A256C06D000019C2F /* AuthView.swift */; };
		1B155F0D256C06D200019C2F /* Assets.xcassets in Resources */ = {isa = PBXBuildFile; fileRef = 1B155F0C256C06D200019C2F /* Assets.xcassets */; };
		1B155F10256C06D200019C2F /* Preview Assets.xcassets in Resources */ = {isa = PBXBuildFile; fileRef = 1B155F0F256C06D200019C2F /* Preview Assets.xcassets */; };
		1B155F13256C06D200019C2F /* LaunchScreen.storyboard in Resources */ = {isa = PBXBuildFile; fileRef = 1B155F11256C06D200019C2F /* LaunchScreen.storyboard */; };
		1B155F3C256C07BE00019C2F /* SignUpView.swift in Sources */ = {isa = PBXBuildFile; fileRef = 1B155F3B256C07BE00019C2F /* SignUpView.swift */; };
		1B155F3F256C07CE00019C2F /* LoginView.swift in Sources */ = {isa = PBXBuildFile; fileRef = 1B155F3E256C07CE00019C2F /* LoginView.swift */; };
		1B155F42256C07F800019C2F /* PageView.swift in Sources */ = {isa = PBXBuildFile; fileRef = 1B155F41256C07F800019C2F /* PageView.swift */; };
		1B155F47256C09A200019C2F /* ButtonView.swift in Sources */ = {isa = PBXBuildFile; fileRef = 1B155F46256C09A200019C2F /* ButtonView.swift */; };
		1B155F4B256C15F600019C2F /* TextFieldView.swift in Sources */ = {isa = PBXBuildFile; fileRef = 1B155F4A256C15F600019C2F /* TextFieldView.swift */; };
		1B155F4F256C351500019C2F /* SignUpViewModel.swift in Sources */ = {isa = PBXBuildFile; fileRef = 1B155F4E256C351500019C2F /* SignUpViewModel.swift */; };
		1B155F53256C471D00019C2F /* CheckboxFieldView.swift in Sources */ = {isa = PBXBuildFile; fileRef = 1B155F52256C471D00019C2F /* CheckboxFieldView.swift */; };
		1B155F58256C4EBC00019C2F /* LoginViewModel.swift in Sources */ = {isa = PBXBuildFile; fileRef = 1B155F57256C4EBC00019C2F /* LoginViewModel.swift */; };
		1B155F5D256C527500019C2F /* AuthViewModel.swift in Sources */ = {isa = PBXBuildFile; fileRef = 1B155F5C256C527500019C2F /* AuthViewModel.swift */; };
		1B78CCC0256DAB0800297221 /* FullscreenSheet.swift in Sources */ = {isa = PBXBuildFile; fileRef = 1B78CCBF256DAB0800297221 /* FullscreenSheet.swift */; };
		1B78CCD3256DBA0600297221 /* Roboto-Regular.ttf in Resources */ = {isa = PBXBuildFile; fileRef = 1B78CCC7256DBA0600297221 /* Roboto-Regular.ttf */; };
		1B78CCD4256DBA0600297221 /* Roboto-Black.ttf in Resources */ = {isa = PBXBuildFile; fileRef = 1B78CCC8256DBA0600297221 /* Roboto-Black.ttf */; };
		1B78CCD6256DBA0600297221 /* Roboto-Thin.ttf in Resources */ = {isa = PBXBuildFile; fileRef = 1B78CCCA256DBA0600297221 /* Roboto-Thin.ttf */; };
		1B78CCD8256DBA0600297221 /* Roboto-Bold.ttf in Resources */ = {isa = PBXBuildFile; fileRef = 1B78CCCC256DBA0600297221 /* Roboto-Bold.ttf */; };
		1B78CCDC256DBA0600297221 /* Roboto-Medium.ttf in Resources */ = {isa = PBXBuildFile; fileRef = 1B78CCD0256DBA0600297221 /* Roboto-Medium.ttf */; };
		1B78CCDE256DBA0600297221 /* Roboto-Light.ttf in Resources */ = {isa = PBXBuildFile; fileRef = 1B78CCD2256DBA0600297221 /* Roboto-Light.ttf */; };
		1B78CCE8256DBC7100297221 /* Font.swift in Sources */ = {isa = PBXBuildFile; fileRef = 1B78CCE7256DBC7100297221 /* Font.swift */; };
		1B78CCEC256DC2C200297221 /* TabViewApp.swift in Sources */ = {isa = PBXBuildFile; fileRef = 1B78CCEB256DC2C200297221 /* TabViewApp.swift */; };
		1B78CCF0256DC4E300297221 /* GameView.swift in Sources */ = {isa = PBXBuildFile; fileRef = 1B78CCEF256DC4E300297221 /* GameView.swift */; };
		1B7970E8256DCA78006DAFC0 /* HeaderGameView.swift in Sources */ = {isa = PBXBuildFile; fileRef = 1B7970E7256DCA78006DAFC0 /* HeaderGameView.swift */; };
		1B7970F3256DD495006DAFC0 /* MenuGameView.swift in Sources */ = {isa = PBXBuildFile; fileRef = 1B7970F2256DD495006DAFC0 /* MenuGameView.swift */; };
		1B7970F6256DDB1D006DAFC0 /* GameViewModel.swift in Sources */ = {isa = PBXBuildFile; fileRef = 1B7970F5256DDB1D006DAFC0 /* GameViewModel.swift */; };
		1BB99551256F2FD600DC480B /* CellGameView.swift in Sources */ = {isa = PBXBuildFile; fileRef = 1BB99550256F2FD600DC480B /* CellGameView.swift */; };
/* End PBXBuildFile section */

/* Begin PBXFileReference section */
		1B155F03256C06D000019C2F /* Start.Football.app */ = {isa = PBXFileReference; explicitFileType = wrapper.application; includeInIndex = 0; path = Start.Football.app; sourceTree = BUILT_PRODUCTS_DIR; };
		1B155F06256C06D000019C2F /* AppDelegate.swift */ = {isa = PBXFileReference; lastKnownFileType = sourcecode.swift; path = AppDelegate.swift; sourceTree = "<group>"; };
		1B155F08256C06D000019C2F /* SceneDelegate.swift */ = {isa = PBXFileReference; lastKnownFileType = sourcecode.swift; path = SceneDelegate.swift; sourceTree = "<group>"; };
		1B155F0A256C06D000019C2F /* AuthView.swift */ = {isa = PBXFileReference; lastKnownFileType = sourcecode.swift; path = AuthView.swift; sourceTree = "<group>"; };
		1B155F0C256C06D200019C2F /* Assets.xcassets */ = {isa = PBXFileReference; lastKnownFileType = folder.assetcatalog; path = Assets.xcassets; sourceTree = "<group>"; };
		1B155F0F256C06D200019C2F /* Preview Assets.xcassets */ = {isa = PBXFileReference; lastKnownFileType = folder.assetcatalog; path = "Preview Assets.xcassets"; sourceTree = "<group>"; };
		1B155F12256C06D200019C2F /* Base */ = {isa = PBXFileReference; lastKnownFileType = file.storyboard; name = Base; path = Base.lproj/LaunchScreen.storyboard; sourceTree = "<group>"; };
		1B155F14256C06D200019C2F /* Info.plist */ = {isa = PBXFileReference; lastKnownFileType = text.plist.xml; path = Info.plist; sourceTree = "<group>"; };
		1B155F3B256C07BE00019C2F /* SignUpView.swift */ = {isa = PBXFileReference; lastKnownFileType = sourcecode.swift; path = SignUpView.swift; sourceTree = "<group>"; };
		1B155F3E256C07CE00019C2F /* LoginView.swift */ = {isa = PBXFileReference; lastKnownFileType = sourcecode.swift; path = LoginView.swift; sourceTree = "<group>"; };
		1B155F41256C07F800019C2F /* PageView.swift */ = {isa = PBXFileReference; lastKnownFileType = sourcecode.swift; path = PageView.swift; sourceTree = "<group>"; };
		1B155F46256C09A200019C2F /* ButtonView.swift */ = {isa = PBXFileReference; lastKnownFileType = sourcecode.swift; path = ButtonView.swift; sourceTree = "<group>"; };
		1B155F4A256C15F600019C2F /* TextFieldView.swift */ = {isa = PBXFileReference; lastKnownFileType = sourcecode.swift; path = TextFieldView.swift; sourceTree = "<group>"; };
		1B155F4E256C351500019C2F /* SignUpViewModel.swift */ = {isa = PBXFileReference; lastKnownFileType = sourcecode.swift; path = SignUpViewModel.swift; sourceTree = "<group>"; };
		1B155F52256C471D00019C2F /* CheckboxFieldView.swift */ = {isa = PBXFileReference; lastKnownFileType = sourcecode.swift; path = CheckboxFieldView.swift; sourceTree = "<group>"; };
		1B155F57256C4EBC00019C2F /* LoginViewModel.swift */ = {isa = PBXFileReference; lastKnownFileType = sourcecode.swift; path = LoginViewModel.swift; sourceTree = "<group>"; };
		1B155F5C256C527500019C2F /* AuthViewModel.swift */ = {isa = PBXFileReference; lastKnownFileType = sourcecode.swift; path = AuthViewModel.swift; sourceTree = "<group>"; };
		1B78CCBF256DAB0800297221 /* FullscreenSheet.swift */ = {isa = PBXFileReference; lastKnownFileType = sourcecode.swift; path = FullscreenSheet.swift; sourceTree = "<group>"; };
		1B78CCC7256DBA0600297221 /* Roboto-Regular.ttf */ = {isa = PBXFileReference; lastKnownFileType = file; path = "Roboto-Regular.ttf"; sourceTree = "<group>"; };
		1B78CCC8256DBA0600297221 /* Roboto-Black.ttf */ = {isa = PBXFileReference; lastKnownFileType = file; path = "Roboto-Black.ttf"; sourceTree = "<group>"; };
		1B78CCCA256DBA0600297221 /* Roboto-Thin.ttf */ = {isa = PBXFileReference; lastKnownFileType = file; path = "Roboto-Thin.ttf"; sourceTree = "<group>"; };
		1B78CCCC256DBA0600297221 /* Roboto-Bold.ttf */ = {isa = PBXFileReference; lastKnownFileType = file; path = "Roboto-Bold.ttf"; sourceTree = "<group>"; };
		1B78CCD0256DBA0600297221 /* Roboto-Medium.ttf */ = {isa = PBXFileReference; lastKnownFileType = file; path = "Roboto-Medium.ttf"; sourceTree = "<group>"; };
		1B78CCD2256DBA0600297221 /* Roboto-Light.ttf */ = {isa = PBXFileReference; lastKnownFileType = file; path = "Roboto-Light.ttf"; sourceTree = "<group>"; };
		1B78CCE7256DBC7100297221 /* Font.swift */ = {isa = PBXFileReference; lastKnownFileType = sourcecode.swift; path = Font.swift; sourceTree = "<group>"; };
		1B78CCEB256DC2C200297221 /* TabViewApp.swift */ = {isa = PBXFileReference; lastKnownFileType = sourcecode.swift; path = TabViewApp.swift; sourceTree = "<group>"; };
		1B78CCEF256DC4E300297221 /* GameView.swift */ = {isa = PBXFileReference; lastKnownFileType = sourcecode.swift; path = GameView.swift; sourceTree = "<group>"; };
		1B7970E7256DCA78006DAFC0 /* HeaderGameView.swift */ = {isa = PBXFileReference; lastKnownFileType = sourcecode.swift; path = HeaderGameView.swift; sourceTree = "<group>"; };
		1B7970F2256DD495006DAFC0 /* MenuGameView.swift */ = {isa = PBXFileReference; lastKnownFileType = sourcecode.swift; path = MenuGameView.swift; sourceTree = "<group>"; };
		1B7970F5256DDB1D006DAFC0 /* GameViewModel.swift */ = {isa = PBXFileReference; lastKnownFileType = sourcecode.swift; path = GameViewModel.swift; sourceTree = "<group>"; };
		1BB99550256F2FD600DC480B /* CellGameView.swift */ = {isa = PBXFileReference; lastKnownFileType = sourcecode.swift; path = CellGameView.swift; sourceTree = "<group>"; };
/* End PBXFileReference section */

/* Begin PBXFrameworksBuildPhase section */
		1B155F00256C06D000019C2F /* Frameworks */ = {
			isa = PBXFrameworksBuildPhase;
			buildActionMask = 2147483647;
			files = (
			);
			runOnlyForDeploymentPostprocessing = 0;
		};
/* End PBXFrameworksBuildPhase section */

/* Begin PBXGroup section */
		1B155EFA256C06D000019C2F = {
			isa = PBXGroup;
			children = (
				1B155F05256C06D000019C2F /* Start.Football */,
				1B155F04256C06D000019C2F /* Products */,
			);
			sourceTree = "<group>";
		};
		1B155F04256C06D000019C2F /* Products */ = {
			isa = PBXGroup;
			children = (
				1B155F03256C06D000019C2F /* Start.Football.app */,
			);
			name = Products;
			sourceTree = "<group>";
		};
		1B155F05256C06D000019C2F /* Start.Football */ = {
			isa = PBXGroup;
			children = (
				1B155F39256C078500019C2F /* SignIn&Auth */,
				1B78CCEA256DC28A00297221 /* Main */,
				1B155F45256C092700019C2F /* Tools */,
				1B155F1B256C06FA00019C2F /* App */,
				1B155F0E256C06D200019C2F /* Preview Content */,
			);
			path = Start.Football;
			sourceTree = "<group>";
		};
		1B155F0E256C06D200019C2F /* Preview Content */ = {
			isa = PBXGroup;
			children = (
				1B155F0F256C06D200019C2F /* Preview Assets.xcassets */,
			);
			path = "Preview Content";
			sourceTree = "<group>";
		};
		1B155F1B256C06FA00019C2F /* App */ = {
			isa = PBXGroup;
			children = (
				1B78CCBE256DAA8B00297221 /* Extensions */,
				1B155F37256C075300019C2F /* Supporting files */,
				1B155F38256C076A00019C2F /* Sources */,
				1B155F36256C073E00019C2F /* Storyboards */,
			);
			path = App;
			sourceTree = "<group>";
		};
		1B155F36256C073E00019C2F /* Storyboards */ = {
			isa = PBXGroup;
			children = (
				1B155F11256C06D200019C2F /* LaunchScreen.storyboard */,
			);
			path = Storyboards;
			sourceTree = "<group>";
		};
		1B155F37256C075300019C2F /* Supporting files */ = {
			isa = PBXGroup;
			children = (
				1B155F14256C06D200019C2F /* Info.plist */,
				1B155F08256C06D000019C2F /* SceneDelegate.swift */,
				1B155F06256C06D000019C2F /* AppDelegate.swift */,
			);
			path = "Supporting files";
			sourceTree = "<group>";
		};
		1B155F38256C076A00019C2F /* Sources */ = {
			isa = PBXGroup;
			children = (
				1B78CCC6256DB9E000297221 /* Fonts */,
				1B155F0C256C06D200019C2F /* Assets.xcassets */,
			);
			path = Sources;
			sourceTree = "<group>";
		};
		1B155F39256C078500019C2F /* SignIn&Auth */ = {
			isa = PBXGroup;
			children = (
				1B155F5B256C526300019C2F /* AuthView */,
				1B155F4D256C34FB00019C2F /* SignUp */,
				1B155F55256C4E8C00019C2F /* LoginView */,
				1B155F56256C4E9F00019C2F /* PageView */,
			);
			path = "SignIn&Auth";
			sourceTree = "<group>";
		};
		1B155F45256C092700019C2F /* Tools */ = {
			isa = PBXGroup;
			children = (
				1B155F46256C09A200019C2F /* ButtonView.swift */,
				1B155F4A256C15F600019C2F /* TextFieldView.swift */,
				1B155F52256C471D00019C2F /* CheckboxFieldView.swift */,
				1B7970E7256DCA78006DAFC0 /* HeaderGameView.swift */,
				1B7970F2256DD495006DAFC0 /* MenuGameView.swift */,
				1BB99550256F2FD600DC480B /* CellGameView.swift */,
			);
			path = Tools;
			sourceTree = "<group>";
		};
		1B155F4D256C34FB00019C2F /* SignUp */ = {
			isa = PBXGroup;
			children = (
				1B155F3B256C07BE00019C2F /* SignUpView.swift */,
				1B155F4E256C351500019C2F /* SignUpViewModel.swift */,
			);
			path = SignUp;
			sourceTree = "<group>";
		};
		1B155F55256C4E8C00019C2F /* LoginView */ = {
			isa = PBXGroup;
			children = (
				1B155F3E256C07CE00019C2F /* LoginView.swift */,
				1B155F57256C4EBC00019C2F /* LoginViewModel.swift */,
			);
			path = LoginView;
			sourceTree = "<group>";
		};
		1B155F56256C4E9F00019C2F /* PageView */ = {
			isa = PBXGroup;
			children = (
				1B155F41256C07F800019C2F /* PageView.swift */,
			);
			path = PageView;
			sourceTree = "<group>";
		};
		1B155F5B256C526300019C2F /* AuthView */ = {
			isa = PBXGroup;
			children = (
				1B155F0A256C06D000019C2F /* AuthView.swift */,
				1B155F5C256C527500019C2F /* AuthViewModel.swift */,
			);
			path = AuthView;
			sourceTree = "<group>";
		};
		1B78CCBE256DAA8B00297221 /* Extensions */ = {
			isa = PBXGroup;
			children = (
				1B78CCBF256DAB0800297221 /* FullscreenSheet.swift */,
				1B78CCE7256DBC7100297221 /* Font.swift */,
			);
			path = Extensions;
			sourceTree = "<group>";
		};
		1B78CCC6256DB9E000297221 /* Fonts */ = {
			isa = PBXGroup;
			children = (
				1B78CCC8256DBA0600297221 /* Roboto-Black.ttf */,
				1B78CCCC256DBA0600297221 /* Roboto-Bold.ttf */,
				1B78CCD2256DBA0600297221 /* Roboto-Light.ttf */,
				1B78CCD0256DBA0600297221 /* Roboto-Medium.ttf */,
				1B78CCC7256DBA0600297221 /* Roboto-Regular.ttf */,
				1B78CCCA256DBA0600297221 /* Roboto-Thin.ttf */,
			);
			path = Fonts;
			sourceTree = "<group>";
		};
		1B78CCEA256DC28A00297221 /* Main */ = {
			isa = PBXGroup;
			children = (
				1B78CCEB256DC2C200297221 /* TabViewApp.swift */,
				1B7970E5256DC9FD006DAFC0 /* GameView */,
			);
			path = Main;
			sourceTree = "<group>";
		};
		1B7970E5256DC9FD006DAFC0 /* GameView */ = {
			isa = PBXGroup;
			children = (
				1B78CCEF256DC4E300297221 /* GameView.swift */,
				1B7970F5256DDB1D006DAFC0 /* GameViewModel.swift */,
			);
			path = GameView;
			sourceTree = "<group>";
		};
/* End PBXGroup section */

/* Begin PBXNativeTarget section */
		1B155F02256C06D000019C2F /* Start.Football */ = {
			isa = PBXNativeTarget;
			buildConfigurationList = 1B155F17256C06D200019C2F /* Build configuration list for PBXNativeTarget "Start.Football" */;
			buildPhases = (
				1B155EFF256C06D000019C2F /* Sources */,
				1B155F00256C06D000019C2F /* Frameworks */,
				1B155F01256C06D000019C2F /* Resources */,
			);
			buildRules = (
			);
			dependencies = (
			);
			name = Start.Football;
			productName = Start.Football;
			productReference = 1B155F03256C06D000019C2F /* Start.Football.app */;
			productType = "com.apple.product-type.application";
		};
/* End PBXNativeTarget section */

/* Begin PBXProject section */
		1B155EFB256C06D000019C2F /* Project object */ = {
			isa = PBXProject;
			attributes = {
				LastSwiftUpdateCheck = 1220;
				LastUpgradeCheck = 1220;
				TargetAttributes = {
					1B155F02256C06D000019C2F = {
						CreatedOnToolsVersion = 12.2;
					};
				};
			};
			buildConfigurationList = 1B155EFE256C06D000019C2F /* Build configuration list for PBXProject "Start.Football" */;
			compatibilityVersion = "Xcode 9.3";
			developmentRegion = en;
			hasScannedForEncodings = 0;
			knownRegions = (
				en,
				Base,
			);
			mainGroup = 1B155EFA256C06D000019C2F;
			productRefGroup = 1B155F04256C06D000019C2F /* Products */;
			projectDirPath = "";
			projectRoot = "";
			targets = (
				1B155F02256C06D000019C2F /* Start.Football */,
			);
		};
/* End PBXProject section */

/* Begin PBXResourcesBuildPhase section */
		1B155F01256C06D000019C2F /* Resources */ = {
			isa = PBXResourcesBuildPhase;
			buildActionMask = 2147483647;
			files = (
				1B78CCD6256DBA0600297221 /* Roboto-Thin.ttf in Resources */,
				1B78CCD8256DBA0600297221 /* Roboto-Bold.ttf in Resources */,
				1B78CCDE256DBA0600297221 /* Roboto-Light.ttf in Resources */,
				1B155F13256C06D200019C2F /* LaunchScreen.storyboard in Resources */,
				1B155F10256C06D200019C2F /* Preview Assets.xcassets in Resources */,
				1B78CCD3256DBA0600297221 /* Roboto-Regular.ttf in Resources */,
				1B155F0D256C06D200019C2F /* Assets.xcassets in Resources */,
				1B78CCDC256DBA0600297221 /* Roboto-Medium.ttf in Resources */,
				1B78CCD4256DBA0600297221 /* Roboto-Black.ttf in Resources */,
			);
			runOnlyForDeploymentPostprocessing = 0;
		};
/* End PBXResourcesBuildPhase section */

/* Begin PBXSourcesBuildPhase section */
		1B155EFF256C06D000019C2F /* Sources */ = {
			isa = PBXSourcesBuildPhase;
			buildActionMask = 2147483647;
			files = (
				1B155F07256C06D000019C2F /* AppDelegate.swift in Sources */,
				1B155F42256C07F800019C2F /* PageView.swift in Sources */,
				1B78CCE8256DBC7100297221 /* Font.swift in Sources */,
				1B155F58256C4EBC00019C2F /* LoginViewModel.swift in Sources */,
				1B155F4B256C15F600019C2F /* TextFieldView.swift in Sources */,
				1B155F3C256C07BE00019C2F /* SignUpView.swift in Sources */,
				1BB99551256F2FD600DC480B /* CellGameView.swift in Sources */,
				1B155F53256C471D00019C2F /* CheckboxFieldView.swift in Sources */,
				1B155F4F256C351500019C2F /* SignUpViewModel.swift in Sources */,
				1B155F09256C06D000019C2F /* SceneDelegate.swift in Sources */,
				1B78CCF0256DC4E300297221 /* GameView.swift in Sources */,
				1B7970E8256DCA78006DAFC0 /* HeaderGameView.swift in Sources */,
				1B78CCC0256DAB0800297221 /* FullscreenSheet.swift in Sources */,
				1B155F5D256C527500019C2F /* AuthViewModel.swift in Sources */,
				1B155F3F256C07CE00019C2F /* LoginView.swift in Sources */,
				1B155F0B256C06D000019C2F /* AuthView.swift in Sources */,
				1B7970F6256DDB1D006DAFC0 /* GameViewModel.swift in Sources */,
				1B7970F3256DD495006DAFC0 /* MenuGameView.swift in Sources */,
				1B78CCEC256DC2C200297221 /* TabViewApp.swift in Sources */,
				1B155F47256C09A200019C2F /* ButtonView.swift in Sources */,
			);
			runOnlyForDeploymentPostprocessing = 0;
		};
/* End PBXSourcesBuildPhase section */

/* Begin PBXVariantGroup section */
		1B155F11256C06D200019C2F /* LaunchScreen.storyboard */ = {
			isa = PBXVariantGroup;
			children = (
				1B155F12256C06D200019C2F /* Base */,
			);
			name = LaunchScreen.storyboard;
			sourceTree = "<group>";
		};
/* End PBXVariantGroup section */

/* Begin XCBuildConfiguration section */
		1B155F15256C06D200019C2F /* Debug */ = {
			isa = XCBuildConfiguration;
			buildSettings = {
				ALWAYS_SEARCH_USER_PATHS = NO;
				CLANG_ANALYZER_NONNULL = YES;
				CLANG_ANALYZER_NUMBER_OBJECT_CONVERSION = YES_AGGRESSIVE;
				CLANG_CXX_LANGUAGE_STANDARD = "gnu++14";
				CLANG_CXX_LIBRARY = "libc++";
				CLANG_ENABLE_MODULES = YES;
				CLANG_ENABLE_OBJC_ARC = YES;
				CLANG_ENABLE_OBJC_WEAK = YES;
				CLANG_WARN_BLOCK_CAPTURE_AUTORELEASING = YES;
				CLANG_WARN_BOOL_CONVERSION = YES;
				CLANG_WARN_COMMA = YES;
				CLANG_WARN_CONSTANT_CONVERSION = YES;
				CLANG_WARN_DEPRECATED_OBJC_IMPLEMENTATIONS = YES;
				CLANG_WARN_DIRECT_OBJC_ISA_USAGE = YES_ERROR;
				CLANG_WARN_DOCUMENTATION_COMMENTS = YES;
				CLANG_WARN_EMPTY_BODY = YES;
				CLANG_WARN_ENUM_CONVERSION = YES;
				CLANG_WARN_INFINITE_RECURSION = YES;
				CLANG_WARN_INT_CONVERSION = YES;
				CLANG_WARN_NON_LITERAL_NULL_CONVERSION = YES;
				CLANG_WARN_OBJC_IMPLICIT_RETAIN_SELF = YES;
				CLANG_WARN_OBJC_LITERAL_CONVERSION = YES;
				CLANG_WARN_OBJC_ROOT_CLASS = YES_ERROR;
				CLANG_WARN_QUOTED_INCLUDE_IN_FRAMEWORK_HEADER = YES;
				CLANG_WARN_RANGE_LOOP_ANALYSIS = YES;
				CLANG_WARN_STRICT_PROTOTYPES = YES;
				CLANG_WARN_SUSPICIOUS_MOVE = YES;
				CLANG_WARN_UNGUARDED_AVAILABILITY = YES_AGGRESSIVE;
				CLANG_WARN_UNREACHABLE_CODE = YES;
				CLANG_WARN__DUPLICATE_METHOD_MATCH = YES;
				COPY_PHASE_STRIP = NO;
				DEBUG_INFORMATION_FORMAT = dwarf;
				ENABLE_STRICT_OBJC_MSGSEND = YES;
				ENABLE_TESTABILITY = YES;
				GCC_C_LANGUAGE_STANDARD = gnu11;
				GCC_DYNAMIC_NO_PIC = NO;
				GCC_NO_COMMON_BLOCKS = YES;
				GCC_OPTIMIZATION_LEVEL = 0;
				GCC_PREPROCESSOR_DEFINITIONS = (
					"DEBUG=1",
					"$(inherited)",
				);
				GCC_WARN_64_TO_32_BIT_CONVERSION = YES;
				GCC_WARN_ABOUT_RETURN_TYPE = YES_ERROR;
				GCC_WARN_UNDECLARED_SELECTOR = YES;
				GCC_WARN_UNINITIALIZED_AUTOS = YES_AGGRESSIVE;
				GCC_WARN_UNUSED_FUNCTION = YES;
				GCC_WARN_UNUSED_VARIABLE = YES;
				IPHONEOS_DEPLOYMENT_TARGET = 13.0;
				MTL_ENABLE_DEBUG_INFO = INCLUDE_SOURCE;
				MTL_FAST_MATH = YES;
				ONLY_ACTIVE_ARCH = YES;
				SDKROOT = iphoneos;
				SWIFT_ACTIVE_COMPILATION_CONDITIONS = DEBUG;
				SWIFT_OPTIMIZATION_LEVEL = "-Onone";
			};
			name = Debug;
		};
		1B155F16256C06D200019C2F /* Release */ = {
			isa = XCBuildConfiguration;
			buildSettings = {
				ALWAYS_SEARCH_USER_PATHS = NO;
				CLANG_ANALYZER_NONNULL = YES;
				CLANG_ANALYZER_NUMBER_OBJECT_CONVERSION = YES_AGGRESSIVE;
				CLANG_CXX_LANGUAGE_STANDARD = "gnu++14";
				CLANG_CXX_LIBRARY = "libc++";
				CLANG_ENABLE_MODULES = YES;
				CLANG_ENABLE_OBJC_ARC = YES;
				CLANG_ENABLE_OBJC_WEAK = YES;
				CLANG_WARN_BLOCK_CAPTURE_AUTORELEASING = YES;
				CLANG_WARN_BOOL_CONVERSION = YES;
				CLANG_WARN_COMMA = YES;
				CLANG_WARN_CONSTANT_CONVERSION = YES;
				CLANG_WARN_DEPRECATED_OBJC_IMPLEMENTATIONS = YES;
				CLANG_WARN_DIRECT_OBJC_ISA_USAGE = YES_ERROR;
				CLANG_WARN_DOCUMENTATION_COMMENTS = YES;
				CLANG_WARN_EMPTY_BODY = YES;
				CLANG_WARN_ENUM_CONVERSION = YES;
				CLANG_WARN_INFINITE_RECURSION = YES;
				CLANG_WARN_INT_CONVERSION = YES;
				CLANG_WARN_NON_LITERAL_NULL_CONVERSION = YES;
				CLANG_WARN_OBJC_IMPLICIT_RETAIN_SELF = YES;
				CLANG_WARN_OBJC_LITERAL_CONVERSION = YES;
				CLANG_WARN_OBJC_ROOT_CLASS = YES_ERROR;
				CLANG_WARN_QUOTED_INCLUDE_IN_FRAMEWORK_HEADER = YES;
				CLANG_WARN_RANGE_LOOP_ANALYSIS = YES;
				CLANG_WARN_STRICT_PROTOTYPES = YES;
				CLANG_WARN_SUSPICIOUS_MOVE = YES;
				CLANG_WARN_UNGUARDED_AVAILABILITY = YES_AGGRESSIVE;
				CLANG_WARN_UNREACHABLE_CODE = YES;
				CLANG_WARN__DUPLICATE_METHOD_MATCH = YES;
				COPY_PHASE_STRIP = NO;
				DEBUG_INFORMATION_FORMAT = "dwarf-with-dsym";
				ENABLE_NS_ASSERTIONS = NO;
				ENABLE_STRICT_OBJC_MSGSEND = YES;
				GCC_C_LANGUAGE_STANDARD = gnu11;
				GCC_NO_COMMON_BLOCKS = YES;
				GCC_WARN_64_TO_32_BIT_CONVERSION = YES;
				GCC_WARN_ABOUT_RETURN_TYPE = YES_ERROR;
				GCC_WARN_UNDECLARED_SELECTOR = YES;
				GCC_WARN_UNINITIALIZED_AUTOS = YES_AGGRESSIVE;
				GCC_WARN_UNUSED_FUNCTION = YES;
				GCC_WARN_UNUSED_VARIABLE = YES;
				IPHONEOS_DEPLOYMENT_TARGET = 13.0;
				MTL_ENABLE_DEBUG_INFO = NO;
				MTL_FAST_MATH = YES;
				SDKROOT = iphoneos;
				SWIFT_COMPILATION_MODE = wholemodule;
				SWIFT_OPTIMIZATION_LEVEL = "-O";
				VALIDATE_PRODUCT = YES;
			};
			name = Release;
		};
		1B155F18256C06D200019C2F /* Debug */ = {
			isa = XCBuildConfiguration;
			buildSettings = {
				ASSETCATALOG_COMPILER_APPICON_NAME = AppIcon;
				ASSETCATALOG_COMPILER_GLOBAL_ACCENT_COLOR_NAME = AccentColor;
				CODE_SIGN_STYLE = Automatic;
				DEVELOPMENT_ASSET_PATHS = "\"Start.Football/Preview Content\"";
				DEVELOPMENT_TEAM = 34VDSPZYU9;
				ENABLE_PREVIEWS = YES;
				INFOPLIST_FILE = "$(SRCROOT)/Start.Football/App/Supporting files/Info.plist";
				IPHONEOS_DEPLOYMENT_TARGET = 13.0;
				LD_RUNPATH_SEARCH_PATHS = (
					"$(inherited)",
					"@executable_path/Frameworks",
				);
				MARKETING_VERSION = 1.0.1;
				PRODUCT_BUNDLE_IDENTIFIER = "com.SosinVitalii.Start-Football";
				PRODUCT_NAME = "$(TARGET_NAME)";
				SWIFT_VERSION = 5.0;
				TARGETED_DEVICE_FAMILY = 1;
			};
			name = Debug;
		};
		1B155F19256C06D200019C2F /* Release */ = {
			isa = XCBuildConfiguration;
			buildSettings = {
				ASSETCATALOG_COMPILER_APPICON_NAME = AppIcon;
				ASSETCATALOG_COMPILER_GLOBAL_ACCENT_COLOR_NAME = AccentColor;
				CODE_SIGN_STYLE = Automatic;
				DEVELOPMENT_ASSET_PATHS = "\"Start.Football/Preview Content\"";
				DEVELOPMENT_TEAM = 34VDSPZYU9;
				ENABLE_PREVIEWS = YES;
				INFOPLIST_FILE = "$(SRCROOT)/Start.Football/App/Supporting files/Info.plist";
				IPHONEOS_DEPLOYMENT_TARGET = 13.0;
				LD_RUNPATH_SEARCH_PATHS = (
					"$(inherited)",
					"@executable_path/Frameworks",
				);
				MARKETING_VERSION = 1.0.1;
				PRODUCT_BUNDLE_IDENTIFIER = "com.SosinVitalii.Start-Football";
				PRODUCT_NAME = "$(TARGET_NAME)";
				SWIFT_VERSION = 5.0;
				TARGETED_DEVICE_FAMILY = 1;
			};
			name = Release;
		};
/* End XCBuildConfiguration section */

/* Begin XCConfigurationList section */
		1B155EFE256C06D000019C2F /* Build configuration list for PBXProject "Start.Football" */ = {
			isa = XCConfigurationList;
			buildConfigurations = (
				1B155F15256C06D200019C2F /* Debug */,
				1B155F16256C06D200019C2F /* Release */,
			);
			defaultConfigurationIsVisible = 0;
			defaultConfigurationName = Release;
		};
		1B155F17256C06D200019C2F /* Build configuration list for PBXNativeTarget "Start.Football" */ = {
			isa = XCConfigurationList;
			buildConfigurations = (
				1B155F18256C06D200019C2F /* Debug */,
				1B155F19256C06D200019C2F /* Release */,
			);
			defaultConfigurationIsVisible = 0;
			defaultConfigurationName = Release;
		};
/* End XCConfigurationList section */
	};
	rootObject = 1B155EFB256C06D000019C2F /* Project object */;
}
