// !$*UTF8*$!
{
	archiveVersion = 1;
	classes = {
	};
	objectVersion = 50;
	objects = {

/* Begin PBXBuildFile section */
		1B03BE6B25B7A5A900F032F7 /* Main.swift in Sources */ = {isa = PBXBuildFile; fileRef = 1B03BE6A25B7A5A900F032F7 /* Main.swift */; };
		1B03BE7125B7A64D00F032F7 /* MainApp.swift in Sources */ = {isa = PBXBuildFile; fileRef = 1B03BE7025B7A64D00F032F7 /* MainApp.swift */; };
		1B03BE7425B7A69C00F032F7 /* MainAppInteractor.swift in Sources */ = {isa = PBXBuildFile; fileRef = 1B03BE7325B7A69C00F032F7 /* MainAppInteractor.swift */; };
		1B03BE7C25B7B6E200F032F7 /* MainFilterAppInteractor.swift in Sources */ = {isa = PBXBuildFile; fileRef = 1B03BE7B25B7B6E200F032F7 /* MainFilterAppInteractor.swift */; };
		1B04FC372571A56A00AC40D5 /* UIScreen.swift in Sources */ = {isa = PBXBuildFile; fileRef = 1B04FC362571A56A00AC40D5 /* UIScreen.swift */; };
		1B0646B125A778E9003E1714 /* CellMainView.swift in Sources */ = {isa = PBXBuildFile; fileRef = 1B0646B025A778E9003E1714 /* CellMainView.swift */; };
		1B06E0C525B62B5400B1B8D6 /* TextView.swift in Sources */ = {isa = PBXBuildFile; fileRef = 1B06E0C425B62B5400B1B8D6 /* TextView.swift */; };
		1B155F07256C06D000019C2F /* AppDelegate.swift in Sources */ = {isa = PBXBuildFile; fileRef = 1B155F06256C06D000019C2F /* AppDelegate.swift */; };
		1B155F09256C06D000019C2F /* SceneDelegate.swift in Sources */ = {isa = PBXBuildFile; fileRef = 1B155F08256C06D000019C2F /* SceneDelegate.swift */; };
		1B155F0B256C06D000019C2F /* AuthView.swift in Sources */ = {isa = PBXBuildFile; fileRef = 1B155F0A256C06D000019C2F /* AuthView.swift */; };
		1B155F0D256C06D200019C2F /* Assets.xcassets in Resources */ = {isa = PBXBuildFile; fileRef = 1B155F0C256C06D200019C2F /* Assets.xcassets */; };
		1B155F10256C06D200019C2F /* Preview Assets.xcassets in Resources */ = {isa = PBXBuildFile; fileRef = 1B155F0F256C06D200019C2F /* Preview Assets.xcassets */; };
		1B155F13256C06D200019C2F /* LaunchScreen.storyboard in Resources */ = {isa = PBXBuildFile; fileRef = 1B155F11256C06D200019C2F /* LaunchScreen.storyboard */; };
		1B155F3C256C07BE00019C2F /* SignUpView.swift in Sources */ = {isa = PBXBuildFile; fileRef = 1B155F3B256C07BE00019C2F /* SignUpView.swift */; };
		1B155F3F256C07CE00019C2F /* PasswordResetView.swift in Sources */ = {isa = PBXBuildFile; fileRef = 1B155F3E256C07CE00019C2F /* PasswordResetView.swift */; };
		1B155F42256C07F800019C2F /* PageView.swift in Sources */ = {isa = PBXBuildFile; fileRef = 1B155F41256C07F800019C2F /* PageView.swift */; };
		1B155F47256C09A200019C2F /* ButtonView.swift in Sources */ = {isa = PBXBuildFile; fileRef = 1B155F46256C09A200019C2F /* ButtonView.swift */; };
		1B155F4B256C15F600019C2F /* TextFieldViewOld.swift in Sources */ = {isa = PBXBuildFile; fileRef = 1B155F4A256C15F600019C2F /* TextFieldViewOld.swift */; };
		1B155F53256C471D00019C2F /* CheckboxFieldView.swift in Sources */ = {isa = PBXBuildFile; fileRef = 1B155F52256C471D00019C2F /* CheckboxFieldView.swift */; };
		1B23561825A798DA00E33DA8 /* TimePickerCreateGame.swift in Sources */ = {isa = PBXBuildFile; fileRef = 1B23561725A798DA00E33DA8 /* TimePickerCreateGame.swift */; };
		1B23561B25A79A7C00E33DA8 /* NoTextfieldOneLineView.swift in Sources */ = {isa = PBXBuildFile; fileRef = 1B23561A25A79A7C00E33DA8 /* NoTextfieldOneLineView.swift */; };
		1B23561F25A7A2CC00E33DA8 /* PreviewGameSheet.swift in Sources */ = {isa = PBXBuildFile; fileRef = 1B23561E25A7A2CC00E33DA8 /* PreviewGameSheet.swift */; };
		1B23562325A7B09900E33DA8 /* FilterGameSheet.swift in Sources */ = {isa = PBXBuildFile; fileRef = 1B23562225A7B09900E33DA8 /* FilterGameSheet.swift */; };
		1B23562625A7B8FD00E33DA8 /* TypeOfParkingSheet.swift in Sources */ = {isa = PBXBuildFile; fileRef = 1B23562525A7B8FD00E33DA8 /* TypeOfParkingSheet.swift */; };
		1B23562C25A7BD2400E33DA8 /* TimePickerSheet.swift in Sources */ = {isa = PBXBuildFile; fileRef = 1B23562B25A7BD2400E33DA8 /* TimePickerSheet.swift */; };
		1B23563225A7C25400E33DA8 /* DatePickerSheet.swift in Sources */ = {isa = PBXBuildFile; fileRef = 1B23563125A7C25400E33DA8 /* DatePickerSheet.swift */; };
		1B24DEFA25802A9700510132 /* CreateGameView.swift in Sources */ = {isa = PBXBuildFile; fileRef = 1B24DEF925802A9700510132 /* CreateGameView.swift */; };
		1B2D84B225B503450068693B /* CreateGame.swift in Sources */ = {isa = PBXBuildFile; fileRef = 1B2D84B125B503450068693B /* CreateGame.swift */; };
		1B2D84B825B505590068693B /* BoxSliderCreateGame.swift in Sources */ = {isa = PBXBuildFile; fileRef = 1B2D84B725B505590068693B /* BoxSliderCreateGame.swift */; };
		1B368A5325B6351F007D1365 /* TextViewTitlePlaceholder.swift in Sources */ = {isa = PBXBuildFile; fileRef = 1B368A5225B6351F007D1365 /* TextViewTitlePlaceholder.swift */; };
		1B368A5625B63B1A007D1365 /* ImageViewMiniCG.swift in Sources */ = {isa = PBXBuildFile; fileRef = 1B368A5525B63B1A007D1365 /* ImageViewMiniCG.swift */; };
		1B368A5925B640E5007D1365 /* CellWithPlayerButton.swift in Sources */ = {isa = PBXBuildFile; fileRef = 1B368A5825B640E5007D1365 /* CellWithPlayerButton.swift */; };
		1B368A5C25B64F49007D1365 /* SignInAuth.swift in Sources */ = {isa = PBXBuildFile; fileRef = 1B368A5B25B64F49007D1365 /* SignInAuth.swift */; };
		1B368A6325B6541D007D1365 /* SignUpAuth.swift in Sources */ = {isa = PBXBuildFile; fileRef = 1B368A6225B6541D007D1365 /* SignUpAuth.swift */; };
		1B368A6725B6559B007D1365 /* ResetAuth.swift in Sources */ = {isa = PBXBuildFile; fileRef = 1B368A6625B6559B007D1365 /* ResetAuth.swift */; };
		1B37B01125AF23920007AEF3 /* AppState.swift in Sources */ = {isa = PBXBuildFile; fileRef = 1B37B01025AF23920007AEF3 /* AppState.swift */; };
		1B37B01425AF316B0007AEF3 /* AppEnvironment.swift in Sources */ = {isa = PBXBuildFile; fileRef = 1B37B01325AF316B0007AEF3 /* AppEnvironment.swift */; };
		1B37B02825AF4CBE0007AEF3 /* ContentView.swift in Sources */ = {isa = PBXBuildFile; fileRef = 1B37B02725AF4CBE0007AEF3 /* ContentView.swift */; };
		1B37B02B25AF52C00007AEF3 /* ActivityIndicatorView.swift in Sources */ = {isa = PBXBuildFile; fileRef = 1B37B02A25AF52C00007AEF3 /* ActivityIndicatorView.swift */; };
		1B3828AC25B867760007790A /* TextFieldUIKit.swift in Sources */ = {isa = PBXBuildFile; fileRef = 1B3828AB25B867760007790A /* TextFieldUIKit.swift */; };
		1B3ED80E25AFAB0C00EEF45D /* CreateGameInteractorImpl.swift in Sources */ = {isa = PBXBuildFile; fileRef = 1B3ED80D25AFAB0C00EEF45D /* CreateGameInteractorImpl.swift */; };
		1B4B65F625A8A56E00801E12 /* FormatGameTextField.swift in Sources */ = {isa = PBXBuildFile; fileRef = 1B4B65F525A8A56E00801E12 /* FormatGameTextField.swift */; };
		1B4B65FC25A8B42800801E12 /* ButtonParking.swift in Sources */ = {isa = PBXBuildFile; fileRef = 1B4B65FB25A8B42800801E12 /* ButtonParking.swift */; };
		1B5CCDB7257ED7AB0000BC79 /* ColorExtensions.swift in Sources */ = {isa = PBXBuildFile; fileRef = 1B5CCDB6257ED7AB0000BC79 /* ColorExtensions.swift */; };
		1B5E4DD925A74CA500287D98 /* BackButtonCreateGameView.swift in Sources */ = {isa = PBXBuildFile; fileRef = 1B5E4DD825A74CA500287D98 /* BackButtonCreateGameView.swift */; };
		1B67934C25B2F78C00DADFC4 /* AppActions.swift in Sources */ = {isa = PBXBuildFile; fileRef = 1B67934B25B2F78C00DADFC4 /* AppActions.swift */; };
		1B67935A25B31DB900DADFC4 /* Store.swift in Sources */ = {isa = PBXBuildFile; fileRef = 1B67935925B31DB900DADFC4 /* Store.swift */; };
		1B68131525744A7F00B54977 /* KeyboardListener.swift in Sources */ = {isa = PBXBuildFile; fileRef = 1B68131425744A7F00B54977 /* KeyboardListener.swift */; };
		1B68131925745DEE00B54977 /* ADV.swift in Sources */ = {isa = PBXBuildFile; fileRef = 1B68131825745DEE00B54977 /* ADV.swift */; };
		1B68131C2574602D00B54977 /* Plug.swift in Sources */ = {isa = PBXBuildFile; fileRef = 1B68131B2574602D00B54977 /* Plug.swift */; };
		1B68132525746E4B00B54977 /* MapGameView.swift in Sources */ = {isa = PBXBuildFile; fileRef = 1B68132425746E4B00B54977 /* MapGameView.swift */; };
		1B6A0903257041330001861F /* Size.swift in Sources */ = {isa = PBXBuildFile; fileRef = 1B6A0902257041330001861F /* Size.swift */; };
		1B6A4678259A445E00F6DA00 /* ProgressBarView.swift in Sources */ = {isa = PBXBuildFile; fileRef = 1B6A4677259A445E00F6DA00 /* ProgressBarView.swift */; };
		1B6BD02625B5BEBA008DAD8B /* StepOneCreateGameInteractor.swift in Sources */ = {isa = PBXBuildFile; fileRef = 1B6BD02525B5BEBA008DAD8B /* StepOneCreateGameInteractor.swift */; };
		1B6BD02A25B5C10C008DAD8B /* StepTwoCreateGameInteractor.swift in Sources */ = {isa = PBXBuildFile; fileRef = 1B6BD02925B5C10C008DAD8B /* StepTwoCreateGameInteractor.swift */; };
		1B6BD02D25B5C436008DAD8B /* StepThreeCreateGameInteractor.swift in Sources */ = {isa = PBXBuildFile; fileRef = 1B6BD02C25B5C436008DAD8B /* StepThreeCreateGameInteractor.swift */; };
		1B6BD03025B5C46F008DAD8B /* StepFourCreateGameInteractor.swift in Sources */ = {isa = PBXBuildFile; fileRef = 1B6BD02F25B5C46F008DAD8B /* StepFourCreateGameInteractor.swift */; };
		1B762C86257566C700414808 /* CurrentGameView.swift in Sources */ = {isa = PBXBuildFile; fileRef = 1B762C85257566C700414808 /* CurrentGameView.swift */; };
		1B765D6225A71EC800105940 /* TextfieldOneLineView.swift in Sources */ = {isa = PBXBuildFile; fileRef = 1B765D6125A71EC800105940 /* TextfieldOneLineView.swift */; };
		1B765D7425A724AA00105940 /* ButtonRoundGreen.swift in Sources */ = {isa = PBXBuildFile; fileRef = 1B765D7325A724AA00105940 /* ButtonRoundGreen.swift */; };
		1B765D7725A72F8E00105940 /* BoxDateButton.swift in Sources */ = {isa = PBXBuildFile; fileRef = 1B765D7625A72F8E00105940 /* BoxDateButton.swift */; };
		1B765D7B25A7347D00105940 /* BoxButtonRound.swift in Sources */ = {isa = PBXBuildFile; fileRef = 1B765D7A25A7347D00105940 /* BoxButtonRound.swift */; };
		1B765D8125A7488500105940 /* CreateGameStepOne.swift in Sources */ = {isa = PBXBuildFile; fileRef = 1B765D8025A7488500105940 /* CreateGameStepOne.swift */; };
		1B765D8525A7489A00105940 /* CreateGameStepTwo.swift in Sources */ = {isa = PBXBuildFile; fileRef = 1B765D8425A7489A00105940 /* CreateGameStepTwo.swift */; };
		1B765D8825A748AA00105940 /* CreateGameStepThree.swift in Sources */ = {isa = PBXBuildFile; fileRef = 1B765D8725A748AA00105940 /* CreateGameStepThree.swift */; };
		1B765D8B25A748BE00105940 /* CreateGameStepFour.swift in Sources */ = {isa = PBXBuildFile; fileRef = 1B765D8A25A748BE00105940 /* CreateGameStepFour.swift */; };
		1B765D8E25A748CC00105940 /* CreateGameStepFive.swift in Sources */ = {isa = PBXBuildFile; fileRef = 1B765D8D25A748CC00105940 /* CreateGameStepFive.swift */; };
		1B765D9225A74B8100105940 /* HeaderCreateGameView.swift in Sources */ = {isa = PBXBuildFile; fileRef = 1B765D9125A74B8100105940 /* HeaderCreateGameView.swift */; };
		1B78CCC0256DAB0800297221 /* FullscreenSheet.swift in Sources */ = {isa = PBXBuildFile; fileRef = 1B78CCBF256DAB0800297221 /* FullscreenSheet.swift */; };
		1B78CCD3256DBA0600297221 /* Roboto-Regular.ttf in Resources */ = {isa = PBXBuildFile; fileRef = 1B78CCC7256DBA0600297221 /* Roboto-Regular.ttf */; };
		1B78CCD4256DBA0600297221 /* Roboto-Black.ttf in Resources */ = {isa = PBXBuildFile; fileRef = 1B78CCC8256DBA0600297221 /* Roboto-Black.ttf */; };
		1B78CCD6256DBA0600297221 /* Roboto-Thin.ttf in Resources */ = {isa = PBXBuildFile; fileRef = 1B78CCCA256DBA0600297221 /* Roboto-Thin.ttf */; };
		1B78CCD8256DBA0600297221 /* Roboto-Bold.ttf in Resources */ = {isa = PBXBuildFile; fileRef = 1B78CCCC256DBA0600297221 /* Roboto-Bold.ttf */; };
		1B78CCDC256DBA0600297221 /* Roboto-Medium.ttf in Resources */ = {isa = PBXBuildFile; fileRef = 1B78CCD0256DBA0600297221 /* Roboto-Medium.ttf */; };
		1B78CCDE256DBA0600297221 /* Roboto-Light.ttf in Resources */ = {isa = PBXBuildFile; fileRef = 1B78CCD2256DBA0600297221 /* Roboto-Light.ttf */; };
		1B78CCE8256DBC7100297221 /* Font.swift in Sources */ = {isa = PBXBuildFile; fileRef = 1B78CCE7256DBC7100297221 /* Font.swift */; };
		1B78CCEC256DC2C200297221 /* TabViewApp.swift in Sources */ = {isa = PBXBuildFile; fileRef = 1B78CCEB256DC2C200297221 /* TabViewApp.swift */; };
		1B78CCF0256DC4E300297221 /* MainView.swift in Sources */ = {isa = PBXBuildFile; fileRef = 1B78CCEF256DC4E300297221 /* MainView.swift */; };
		1B7B648D25B71F100067A334 /* Validators.swift in Sources */ = {isa = PBXBuildFile; fileRef = 1B7B648C25B71F100067A334 /* Validators.swift */; };
		1B7B649025B71F5C0067A334 /* CreatGameActions.swift in Sources */ = {isa = PBXBuildFile; fileRef = 1B7B648F25B71F5C0067A334 /* CreatGameActions.swift */; };
		1B7B649325B71FF50067A334 /* AuthApp.swift in Sources */ = {isa = PBXBuildFile; fileRef = 1B7B649225B71FF50067A334 /* AuthApp.swift */; };
		1B7B649825B724FB0067A334 /* AuthInteractor.swift in Sources */ = {isa = PBXBuildFile; fileRef = 1B7B649725B724FB0067A334 /* AuthInteractor.swift */; };
		1B7F7C8125840E0500308106 /* RoundedColorEdge.swift in Sources */ = {isa = PBXBuildFile; fileRef = 1B7F7C8025840E0500308106 /* RoundedColorEdge.swift */; };
		1B8C82BF25AF21B200197D3E /* Preview Assets.xcassets in Resources */ = {isa = PBXBuildFile; fileRef = 1B8C82BE25AF21B200197D3E /* Preview Assets.xcassets */; };
		1B966C1C2576F2040084FFB4 /* LoginTextFieldView.swift in Sources */ = {isa = PBXBuildFile; fileRef = 1B966C1B2576F2040084FFB4 /* LoginTextFieldView.swift */; };
		1B966C1F2576F2130084FFB4 /* PasswordTextFieldView.swift in Sources */ = {isa = PBXBuildFile; fileRef = 1B966C1E2576F2130084FFB4 /* PasswordTextFieldView.swift */; };
		1B966C23257702D70084FFB4 /* ButtonApple.swift in Sources */ = {isa = PBXBuildFile; fileRef = 1B966C22257702D70084FFB4 /* ButtonApple.swift */; };
		1B966C28257706940084FFB4 /* ButtonGoogle.swift in Sources */ = {isa = PBXBuildFile; fileRef = 1B966C27257706940084FFB4 /* ButtonGoogle.swift */; };
		1B966C2E257717760084FFB4 /* ButtonCancel.swift in Sources */ = {isa = PBXBuildFile; fileRef = 1B966C2D257717760084FFB4 /* ButtonCancel.swift */; };
		1BA208AF25A7750D005B4D0C /* BoxPrivacyCreateGame.swift in Sources */ = {isa = PBXBuildFile; fileRef = 1BA208AE25A7750D005B4D0C /* BoxPrivacyCreateGame.swift */; };
		1BA208B225A77795005B4D0C /* HeaderMainView.swift in Sources */ = {isa = PBXBuildFile; fileRef = 1BA208B125A77795005B4D0C /* HeaderMainView.swift */; };
		1BA208B725A777F3005B4D0C /* MenuMainView.swift in Sources */ = {isa = PBXBuildFile; fileRef = 1BA208B625A777F3005B4D0C /* MenuMainView.swift */; };
		1BB63B21257D92A900FCE9E0 /* DatePickerView.swift in Sources */ = {isa = PBXBuildFile; fileRef = 1BB63B20257D92A900FCE9E0 /* DatePickerView.swift */; };
		1BB63B24257D92BF00FCE9E0 /* TimePickerView.swift in Sources */ = {isa = PBXBuildFile; fileRef = 1BB63B23257D92BF00FCE9E0 /* TimePickerView.swift */; };
		1BB63B27257D96A900FCE9E0 /* CostView.swift in Sources */ = {isa = PBXBuildFile; fileRef = 1BB63B26257D96A900FCE9E0 /* CostView.swift */; };
		1BB6FEE525A8E8A00040843C /* GetDateStringFromDate.swift in Sources */ = {isa = PBXBuildFile; fileRef = 1BB6FEE425A8E8A00040843C /* GetDateStringFromDate.swift */; };
		1BD9109A25759C47005B3CFC /* ProfileView.swift in Sources */ = {isa = PBXBuildFile; fileRef = 1BD9109925759C46005B3CFC /* ProfileView.swift */; };
		1BE105E725B743400060DA3D /* SignUPAuthInteractor.swift in Sources */ = {isa = PBXBuildFile; fileRef = 1BE105E625B743400060DA3D /* SignUPAuthInteractor.swift */; };
		1BE105EA25B743840060DA3D /* ResetAuthInteractor.swift in Sources */ = {isa = PBXBuildFile; fileRef = 1BE105E925B743840060DA3D /* ResetAuthInteractor.swift */; };
		1BF3660225A77D7A00B196EE /* HeaderProfileView.swift in Sources */ = {isa = PBXBuildFile; fileRef = 1BF3660125A77D7A00B196EE /* HeaderProfileView.swift */; };
		1BF3660725A77DD600B196EE /* AboutMySelfProfileView.swift in Sources */ = {isa = PBXBuildFile; fileRef = 1BF3660625A77DD600B196EE /* AboutMySelfProfileView.swift */; };
		1BF3660D25A77E4700B196EE /* CellStatisticsProfileView.swift in Sources */ = {isa = PBXBuildFile; fileRef = 1BF3660C25A77E4700B196EE /* CellStatisticsProfileView.swift */; };
		1BF3661125A77F8800B196EE /* BoxStatisticsProfileView.swift in Sources */ = {isa = PBXBuildFile; fileRef = 1BF3661025A77F8800B196EE /* BoxStatisticsProfileView.swift */; };
		1BF3661525A780A500B196EE /* ContactsProfileView.swift in Sources */ = {isa = PBXBuildFile; fileRef = 1BF3661425A780A500B196EE /* ContactsProfileView.swift */; };
		1BF3661A25A7811000B196EE /* HeaderCurrentGame.swift in Sources */ = {isa = PBXBuildFile; fileRef = 1BF3661925A7811000B196EE /* HeaderCurrentGame.swift */; };
		1BF3661F25A7813F00B196EE /* CellGameCurrentGame.swift in Sources */ = {isa = PBXBuildFile; fileRef = 1BF3661E25A7813F00B196EE /* CellGameCurrentGame.swift */; };
		1BF3662425A781B100B196EE /* WhoWillPlayCurrentGame.swift in Sources */ = {isa = PBXBuildFile; fileRef = 1BF3662325A781B100B196EE /* WhoWillPlayCurrentGame.swift */; };
		1BF3662725A7820E00B196EE /* CalendarCurrentGame.swift in Sources */ = {isa = PBXBuildFile; fileRef = 1BF3662625A7820E00B196EE /* CalendarCurrentGame.swift */; };
		1BF3662B25A7824100B196EE /* AboutCurrentGame.swift in Sources */ = {isa = PBXBuildFile; fileRef = 1BF3662A25A7824100B196EE /* AboutCurrentGame.swift */; };
		1BF3662F25A7827700B196EE /* OrganizerCurrentGame.swift in Sources */ = {isa = PBXBuildFile; fileRef = 1BF3662E25A7827700B196EE /* OrganizerCurrentGame.swift */; };
		1BF3663325A7829D00B196EE /* AboutTheAreaCurrentGame.swift in Sources */ = {isa = PBXBuildFile; fileRef = 1BF3663225A7829D00B196EE /* AboutTheAreaCurrentGame.swift */; };
		1BF3663725A782BB00B196EE /* RulesCurrentGame.swift in Sources */ = {isa = PBXBuildFile; fileRef = 1BF3663625A782BB00B196EE /* RulesCurrentGame.swift */; };
		1BF3663B25A782DA00B196EE /* CommentCurrentGame.swift in Sources */ = {isa = PBXBuildFile; fileRef = 1BF3663A25A782DA00B196EE /* CommentCurrentGame.swift */; };
		1BF3663F25A782F800B196EE /* ADVCurrentGame.swift in Sources */ = {isa = PBXBuildFile; fileRef = 1BF3663E25A782F800B196EE /* ADVCurrentGame.swift */; };
		1BF3664325A7832700B196EE /* ButtonsCurrentGame.swift in Sources */ = {isa = PBXBuildFile; fileRef = 1BF3664225A7832700B196EE /* ButtonsCurrentGame.swift */; };
		1BF5BA9925B4BC8000A06872 /* DependencyInjector.swift in Sources */ = {isa = PBXBuildFile; fileRef = 1BF5BA9825B4BC8000A06872 /* DependencyInjector.swift */; };
		1BF5BA9C25B4BCCC00A06872 /* InteractorsContainer.swift in Sources */ = {isa = PBXBuildFile; fileRef = 1BF5BA9B25B4BCCC00A06872 /* InteractorsContainer.swift */; };
/* End PBXBuildFile section */

/* Begin PBXFileReference section */
		1B03BE6A25B7A5A900F032F7 /* Main.swift */ = {isa = PBXFileReference; lastKnownFileType = sourcecode.swift; path = Main.swift; sourceTree = "<group>"; };
		1B03BE7025B7A64D00F032F7 /* MainApp.swift */ = {isa = PBXFileReference; lastKnownFileType = sourcecode.swift; path = MainApp.swift; sourceTree = "<group>"; };
		1B03BE7325B7A69C00F032F7 /* MainAppInteractor.swift */ = {isa = PBXFileReference; lastKnownFileType = sourcecode.swift; path = MainAppInteractor.swift; sourceTree = "<group>"; };
		1B03BE7B25B7B6E200F032F7 /* MainFilterAppInteractor.swift */ = {isa = PBXFileReference; lastKnownFileType = sourcecode.swift; path = MainFilterAppInteractor.swift; sourceTree = "<group>"; };
		1B04FC362571A56A00AC40D5 /* UIScreen.swift */ = {isa = PBXFileReference; lastKnownFileType = sourcecode.swift; path = UIScreen.swift; sourceTree = "<group>"; };
		1B0646B025A778E9003E1714 /* CellMainView.swift */ = {isa = PBXFileReference; lastKnownFileType = sourcecode.swift; path = CellMainView.swift; sourceTree = "<group>"; };
		1B06E0C425B62B5400B1B8D6 /* TextView.swift */ = {isa = PBXFileReference; lastKnownFileType = sourcecode.swift; path = TextView.swift; sourceTree = "<group>"; };
		1B155F03256C06D000019C2F /* Start.Football.app */ = {isa = PBXFileReference; explicitFileType = wrapper.application; includeInIndex = 0; path = Start.Football.app; sourceTree = BUILT_PRODUCTS_DIR; };
		1B155F06256C06D000019C2F /* AppDelegate.swift */ = {isa = PBXFileReference; lastKnownFileType = sourcecode.swift; path = AppDelegate.swift; sourceTree = "<group>"; };
		1B155F08256C06D000019C2F /* SceneDelegate.swift */ = {isa = PBXFileReference; lastKnownFileType = sourcecode.swift; path = SceneDelegate.swift; sourceTree = "<group>"; };
		1B155F0A256C06D000019C2F /* AuthView.swift */ = {isa = PBXFileReference; lastKnownFileType = sourcecode.swift; path = AuthView.swift; sourceTree = "<group>"; };
		1B155F0C256C06D200019C2F /* Assets.xcassets */ = {isa = PBXFileReference; lastKnownFileType = folder.assetcatalog; path = Assets.xcassets; sourceTree = "<group>"; };
		1B155F0F256C06D200019C2F /* Preview Assets.xcassets */ = {isa = PBXFileReference; lastKnownFileType = folder.assetcatalog; path = "Preview Assets.xcassets"; sourceTree = "<group>"; };
		1B155F12256C06D200019C2F /* Base */ = {isa = PBXFileReference; lastKnownFileType = file.storyboard; name = Base; path = Base.lproj/LaunchScreen.storyboard; sourceTree = "<group>"; };
		1B155F14256C06D200019C2F /* Info.plist */ = {isa = PBXFileReference; lastKnownFileType = text.plist.xml; path = Info.plist; sourceTree = "<group>"; };
		1B155F3B256C07BE00019C2F /* SignUpView.swift */ = {isa = PBXFileReference; lastKnownFileType = sourcecode.swift; path = SignUpView.swift; sourceTree = "<group>"; };
		1B155F3E256C07CE00019C2F /* PasswordResetView.swift */ = {isa = PBXFileReference; lastKnownFileType = sourcecode.swift; path = PasswordResetView.swift; sourceTree = "<group>"; };
		1B155F41256C07F800019C2F /* PageView.swift */ = {isa = PBXFileReference; lastKnownFileType = sourcecode.swift; path = PageView.swift; sourceTree = "<group>"; };
		1B155F46256C09A200019C2F /* ButtonView.swift */ = {isa = PBXFileReference; lastKnownFileType = sourcecode.swift; path = ButtonView.swift; sourceTree = "<group>"; };
		1B155F4A256C15F600019C2F /* TextFieldViewOld.swift */ = {isa = PBXFileReference; lastKnownFileType = sourcecode.swift; path = TextFieldViewOld.swift; sourceTree = "<group>"; };
		1B155F52256C471D00019C2F /* CheckboxFieldView.swift */ = {isa = PBXFileReference; lastKnownFileType = sourcecode.swift; path = CheckboxFieldView.swift; sourceTree = "<group>"; };
		1B23561725A798DA00E33DA8 /* TimePickerCreateGame.swift */ = {isa = PBXFileReference; lastKnownFileType = sourcecode.swift; path = TimePickerCreateGame.swift; sourceTree = "<group>"; };
		1B23561A25A79A7C00E33DA8 /* NoTextfieldOneLineView.swift */ = {isa = PBXFileReference; lastKnownFileType = sourcecode.swift; path = NoTextfieldOneLineView.swift; sourceTree = "<group>"; };
		1B23561E25A7A2CC00E33DA8 /* PreviewGameSheet.swift */ = {isa = PBXFileReference; lastKnownFileType = sourcecode.swift; path = PreviewGameSheet.swift; sourceTree = "<group>"; };
		1B23562225A7B09900E33DA8 /* FilterGameSheet.swift */ = {isa = PBXFileReference; lastKnownFileType = sourcecode.swift; path = FilterGameSheet.swift; sourceTree = "<group>"; };
		1B23562525A7B8FD00E33DA8 /* TypeOfParkingSheet.swift */ = {isa = PBXFileReference; lastKnownFileType = sourcecode.swift; path = TypeOfParkingSheet.swift; sourceTree = "<group>"; };
		1B23562B25A7BD2400E33DA8 /* TimePickerSheet.swift */ = {isa = PBXFileReference; lastKnownFileType = sourcecode.swift; path = TimePickerSheet.swift; sourceTree = "<group>"; };
		1B23563125A7C25400E33DA8 /* DatePickerSheet.swift */ = {isa = PBXFileReference; lastKnownFileType = sourcecode.swift; path = DatePickerSheet.swift; sourceTree = "<group>"; };
		1B24DEF925802A9700510132 /* CreateGameView.swift */ = {isa = PBXFileReference; lastKnownFileType = sourcecode.swift; path = CreateGameView.swift; sourceTree = "<group>"; };
		1B2D84B125B503450068693B /* CreateGame.swift */ = {isa = PBXFileReference; lastKnownFileType = sourcecode.swift; path = CreateGame.swift; sourceTree = "<group>"; };
		1B2D84B725B505590068693B /* BoxSliderCreateGame.swift */ = {isa = PBXFileReference; lastKnownFileType = sourcecode.swift; path = BoxSliderCreateGame.swift; sourceTree = "<group>"; };
		1B368A5225B6351F007D1365 /* TextViewTitlePlaceholder.swift */ = {isa = PBXFileReference; lastKnownFileType = sourcecode.swift; path = TextViewTitlePlaceholder.swift; sourceTree = "<group>"; };
		1B368A5525B63B1A007D1365 /* ImageViewMiniCG.swift */ = {isa = PBXFileReference; lastKnownFileType = sourcecode.swift; path = ImageViewMiniCG.swift; sourceTree = "<group>"; };
		1B368A5825B640E5007D1365 /* CellWithPlayerButton.swift */ = {isa = PBXFileReference; lastKnownFileType = sourcecode.swift; path = CellWithPlayerButton.swift; sourceTree = "<group>"; };
		1B368A5B25B64F49007D1365 /* SignInAuth.swift */ = {isa = PBXFileReference; lastKnownFileType = sourcecode.swift; path = SignInAuth.swift; sourceTree = "<group>"; };
		1B368A6225B6541D007D1365 /* SignUpAuth.swift */ = {isa = PBXFileReference; lastKnownFileType = sourcecode.swift; path = SignUpAuth.swift; sourceTree = "<group>"; };
		1B368A6625B6559B007D1365 /* ResetAuth.swift */ = {isa = PBXFileReference; lastKnownFileType = sourcecode.swift; path = ResetAuth.swift; sourceTree = "<group>"; };
		1B37B01025AF23920007AEF3 /* AppState.swift */ = {isa = PBXFileReference; lastKnownFileType = sourcecode.swift; path = AppState.swift; sourceTree = "<group>"; };
		1B37B01325AF316B0007AEF3 /* AppEnvironment.swift */ = {isa = PBXFileReference; lastKnownFileType = sourcecode.swift; path = AppEnvironment.swift; sourceTree = "<group>"; };
		1B37B02725AF4CBE0007AEF3 /* ContentView.swift */ = {isa = PBXFileReference; lastKnownFileType = sourcecode.swift; path = ContentView.swift; sourceTree = "<group>"; };
		1B37B02A25AF52C00007AEF3 /* ActivityIndicatorView.swift */ = {isa = PBXFileReference; lastKnownFileType = sourcecode.swift; path = ActivityIndicatorView.swift; sourceTree = "<group>"; };
		1B3828AB25B867760007790A /* TextFieldUIKit.swift */ = {isa = PBXFileReference; lastKnownFileType = sourcecode.swift; path = TextFieldUIKit.swift; sourceTree = "<group>"; };
		1B3ED80D25AFAB0C00EEF45D /* CreateGameInteractorImpl.swift */ = {isa = PBXFileReference; lastKnownFileType = sourcecode.swift; path = CreateGameInteractorImpl.swift; sourceTree = "<group>"; };
		1B4B65F525A8A56E00801E12 /* FormatGameTextField.swift */ = {isa = PBXFileReference; lastKnownFileType = sourcecode.swift; path = FormatGameTextField.swift; sourceTree = "<group>"; };
		1B4B65FB25A8B42800801E12 /* ButtonParking.swift */ = {isa = PBXFileReference; lastKnownFileType = sourcecode.swift; path = ButtonParking.swift; sourceTree = "<group>"; };
		1B5CCDB6257ED7AB0000BC79 /* ColorExtensions.swift */ = {isa = PBXFileReference; lastKnownFileType = sourcecode.swift; path = ColorExtensions.swift; sourceTree = "<group>"; };
		1B5E4DD825A74CA500287D98 /* BackButtonCreateGameView.swift */ = {isa = PBXFileReference; lastKnownFileType = sourcecode.swift; path = BackButtonCreateGameView.swift; sourceTree = "<group>"; };
		1B67934B25B2F78C00DADFC4 /* AppActions.swift */ = {isa = PBXFileReference; lastKnownFileType = sourcecode.swift; path = AppActions.swift; sourceTree = "<group>"; };
		1B67935925B31DB900DADFC4 /* Store.swift */ = {isa = PBXFileReference; lastKnownFileType = sourcecode.swift; path = Store.swift; sourceTree = "<group>"; };
		1B68131425744A7F00B54977 /* KeyboardListener.swift */ = {isa = PBXFileReference; lastKnownFileType = sourcecode.swift; path = KeyboardListener.swift; sourceTree = "<group>"; };
		1B68131825745DEE00B54977 /* ADV.swift */ = {isa = PBXFileReference; lastKnownFileType = sourcecode.swift; path = ADV.swift; sourceTree = "<group>"; };
		1B68131B2574602D00B54977 /* Plug.swift */ = {isa = PBXFileReference; lastKnownFileType = sourcecode.swift; path = Plug.swift; sourceTree = "<group>"; };
		1B68132425746E4B00B54977 /* MapGameView.swift */ = {isa = PBXFileReference; lastKnownFileType = sourcecode.swift; path = MapGameView.swift; sourceTree = "<group>"; };
		1B6A0902257041330001861F /* Size.swift */ = {isa = PBXFileReference; lastKnownFileType = sourcecode.swift; path = Size.swift; sourceTree = "<group>"; };
		1B6A4677259A445E00F6DA00 /* ProgressBarView.swift */ = {isa = PBXFileReference; lastKnownFileType = sourcecode.swift; path = ProgressBarView.swift; sourceTree = "<group>"; };
		1B6BD02525B5BEBA008DAD8B /* StepOneCreateGameInteractor.swift */ = {isa = PBXFileReference; lastKnownFileType = sourcecode.swift; path = StepOneCreateGameInteractor.swift; sourceTree = "<group>"; };
		1B6BD02925B5C10C008DAD8B /* StepTwoCreateGameInteractor.swift */ = {isa = PBXFileReference; lastKnownFileType = sourcecode.swift; path = StepTwoCreateGameInteractor.swift; sourceTree = "<group>"; };
		1B6BD02C25B5C436008DAD8B /* StepThreeCreateGameInteractor.swift */ = {isa = PBXFileReference; lastKnownFileType = sourcecode.swift; path = StepThreeCreateGameInteractor.swift; sourceTree = "<group>"; };
		1B6BD02F25B5C46F008DAD8B /* StepFourCreateGameInteractor.swift */ = {isa = PBXFileReference; lastKnownFileType = sourcecode.swift; path = StepFourCreateGameInteractor.swift; sourceTree = "<group>"; };
		1B762C85257566C700414808 /* CurrentGameView.swift */ = {isa = PBXFileReference; lastKnownFileType = sourcecode.swift; path = CurrentGameView.swift; sourceTree = "<group>"; };
		1B765D6125A71EC800105940 /* TextfieldOneLineView.swift */ = {isa = PBXFileReference; lastKnownFileType = sourcecode.swift; path = TextfieldOneLineView.swift; sourceTree = "<group>"; };
		1B765D7325A724AA00105940 /* ButtonRoundGreen.swift */ = {isa = PBXFileReference; lastKnownFileType = sourcecode.swift; path = ButtonRoundGreen.swift; sourceTree = "<group>"; };
		1B765D7625A72F8E00105940 /* BoxDateButton.swift */ = {isa = PBXFileReference; lastKnownFileType = sourcecode.swift; path = BoxDateButton.swift; sourceTree = "<group>"; };
		1B765D7A25A7347D00105940 /* BoxButtonRound.swift */ = {isa = PBXFileReference; lastKnownFileType = sourcecode.swift; path = BoxButtonRound.swift; sourceTree = "<group>"; };
		1B765D8025A7488500105940 /* CreateGameStepOne.swift */ = {isa = PBXFileReference; lastKnownFileType = sourcecode.swift; path = CreateGameStepOne.swift; sourceTree = "<group>"; };
		1B765D8425A7489A00105940 /* CreateGameStepTwo.swift */ = {isa = PBXFileReference; lastKnownFileType = sourcecode.swift; path = CreateGameStepTwo.swift; sourceTree = "<group>"; };
		1B765D8725A748AA00105940 /* CreateGameStepThree.swift */ = {isa = PBXFileReference; lastKnownFileType = sourcecode.swift; path = CreateGameStepThree.swift; sourceTree = "<group>"; };
		1B765D8A25A748BE00105940 /* CreateGameStepFour.swift */ = {isa = PBXFileReference; lastKnownFileType = sourcecode.swift; path = CreateGameStepFour.swift; sourceTree = "<group>"; };
		1B765D8D25A748CC00105940 /* CreateGameStepFive.swift */ = {isa = PBXFileReference; lastKnownFileType = sourcecode.swift; path = CreateGameStepFive.swift; sourceTree = "<group>"; };
		1B765D9125A74B8100105940 /* HeaderCreateGameView.swift */ = {isa = PBXFileReference; lastKnownFileType = sourcecode.swift; path = HeaderCreateGameView.swift; sourceTree = "<group>"; };
		1B78CCBF256DAB0800297221 /* FullscreenSheet.swift */ = {isa = PBXFileReference; lastKnownFileType = sourcecode.swift; path = FullscreenSheet.swift; sourceTree = "<group>"; };
		1B78CCC7256DBA0600297221 /* Roboto-Regular.ttf */ = {isa = PBXFileReference; lastKnownFileType = file; path = "Roboto-Regular.ttf"; sourceTree = "<group>"; };
		1B78CCC8256DBA0600297221 /* Roboto-Black.ttf */ = {isa = PBXFileReference; lastKnownFileType = file; path = "Roboto-Black.ttf"; sourceTree = "<group>"; };
		1B78CCCA256DBA0600297221 /* Roboto-Thin.ttf */ = {isa = PBXFileReference; lastKnownFileType = file; path = "Roboto-Thin.ttf"; sourceTree = "<group>"; };
		1B78CCCC256DBA0600297221 /* Roboto-Bold.ttf */ = {isa = PBXFileReference; lastKnownFileType = file; path = "Roboto-Bold.ttf"; sourceTree = "<group>"; };
		1B78CCD0256DBA0600297221 /* Roboto-Medium.ttf */ = {isa = PBXFileReference; lastKnownFileType = file; path = "Roboto-Medium.ttf"; sourceTree = "<group>"; };
		1B78CCD2256DBA0600297221 /* Roboto-Light.ttf */ = {isa = PBXFileReference; lastKnownFileType = file; path = "Roboto-Light.ttf"; sourceTree = "<group>"; };
		1B78CCE7256DBC7100297221 /* Font.swift */ = {isa = PBXFileReference; lastKnownFileType = sourcecode.swift; path = Font.swift; sourceTree = "<group>"; };
		1B78CCEB256DC2C200297221 /* TabViewApp.swift */ = {isa = PBXFileReference; lastKnownFileType = sourcecode.swift; path = TabViewApp.swift; sourceTree = "<group>"; };
		1B78CCEF256DC4E300297221 /* MainView.swift */ = {isa = PBXFileReference; lastKnownFileType = sourcecode.swift; path = MainView.swift; sourceTree = "<group>"; };
		1B7B648C25B71F100067A334 /* Validators.swift */ = {isa = PBXFileReference; lastKnownFileType = sourcecode.swift; path = Validators.swift; sourceTree = "<group>"; };
		1B7B648F25B71F5C0067A334 /* CreatGameActions.swift */ = {isa = PBXFileReference; lastKnownFileType = sourcecode.swift; path = CreatGameActions.swift; sourceTree = "<group>"; };
		1B7B649225B71FF50067A334 /* AuthApp.swift */ = {isa = PBXFileReference; lastKnownFileType = sourcecode.swift; path = AuthApp.swift; sourceTree = "<group>"; };
		1B7B649725B724FB0067A334 /* AuthInteractor.swift */ = {isa = PBXFileReference; lastKnownFileType = sourcecode.swift; path = AuthInteractor.swift; sourceTree = "<group>"; };
		1B7F7C8025840E0500308106 /* RoundedColorEdge.swift */ = {isa = PBXFileReference; lastKnownFileType = sourcecode.swift; path = RoundedColorEdge.swift; sourceTree = "<group>"; };
		1B8C82BE25AF21B200197D3E /* Preview Assets.xcassets */ = {isa = PBXFileReference; lastKnownFileType = folder.assetcatalog; path = "Preview Assets.xcassets"; sourceTree = "<group>"; };
		1B966C1B2576F2040084FFB4 /* LoginTextFieldView.swift */ = {isa = PBXFileReference; lastKnownFileType = sourcecode.swift; path = LoginTextFieldView.swift; sourceTree = "<group>"; };
		1B966C1E2576F2130084FFB4 /* PasswordTextFieldView.swift */ = {isa = PBXFileReference; lastKnownFileType = sourcecode.swift; path = PasswordTextFieldView.swift; sourceTree = "<group>"; };
		1B966C22257702D70084FFB4 /* ButtonApple.swift */ = {isa = PBXFileReference; lastKnownFileType = sourcecode.swift; path = ButtonApple.swift; sourceTree = "<group>"; };
		1B966C252577057D0084FFB4 /* SFProDisplay-Medium.ttf */ = {isa = PBXFileReference; lastKnownFileType = file; path = "SFProDisplay-Medium.ttf"; sourceTree = "<group>"; };
		1B966C27257706940084FFB4 /* ButtonGoogle.swift */ = {isa = PBXFileReference; lastKnownFileType = sourcecode.swift; path = ButtonGoogle.swift; sourceTree = "<group>"; };
		1B966C2D257717760084FFB4 /* ButtonCancel.swift */ = {isa = PBXFileReference; lastKnownFileType = sourcecode.swift; path = ButtonCancel.swift; sourceTree = "<group>"; };
		1BA208AE25A7750D005B4D0C /* BoxPrivacyCreateGame.swift */ = {isa = PBXFileReference; lastKnownFileType = sourcecode.swift; path = BoxPrivacyCreateGame.swift; sourceTree = "<group>"; };
		1BA208B125A77795005B4D0C /* HeaderMainView.swift */ = {isa = PBXFileReference; lastKnownFileType = sourcecode.swift; path = HeaderMainView.swift; sourceTree = "<group>"; };
		1BA208B625A777F3005B4D0C /* MenuMainView.swift */ = {isa = PBXFileReference; lastKnownFileType = sourcecode.swift; path = MenuMainView.swift; sourceTree = "<group>"; };
		1BB63B20257D92A900FCE9E0 /* DatePickerView.swift */ = {isa = PBXFileReference; lastKnownFileType = sourcecode.swift; path = DatePickerView.swift; sourceTree = "<group>"; };
		1BB63B23257D92BF00FCE9E0 /* TimePickerView.swift */ = {isa = PBXFileReference; lastKnownFileType = sourcecode.swift; path = TimePickerView.swift; sourceTree = "<group>"; };
		1BB63B26257D96A900FCE9E0 /* CostView.swift */ = {isa = PBXFileReference; lastKnownFileType = sourcecode.swift; path = CostView.swift; sourceTree = "<group>"; };
		1BB6FEE425A8E8A00040843C /* GetDateStringFromDate.swift */ = {isa = PBXFileReference; lastKnownFileType = sourcecode.swift; path = GetDateStringFromDate.swift; sourceTree = "<group>"; };
		1BD9109925759C46005B3CFC /* ProfileView.swift */ = {isa = PBXFileReference; lastKnownFileType = sourcecode.swift; path = ProfileView.swift; sourceTree = "<group>"; };
		1BE105E625B743400060DA3D /* SignUPAuthInteractor.swift */ = {isa = PBXFileReference; lastKnownFileType = sourcecode.swift; path = SignUPAuthInteractor.swift; sourceTree = "<group>"; };
		1BE105E925B743840060DA3D /* ResetAuthInteractor.swift */ = {isa = PBXFileReference; lastKnownFileType = sourcecode.swift; path = ResetAuthInteractor.swift; sourceTree = "<group>"; };
		1BF3660125A77D7A00B196EE /* HeaderProfileView.swift */ = {isa = PBXFileReference; lastKnownFileType = sourcecode.swift; path = HeaderProfileView.swift; sourceTree = "<group>"; };
		1BF3660625A77DD600B196EE /* AboutMySelfProfileView.swift */ = {isa = PBXFileReference; lastKnownFileType = sourcecode.swift; path = AboutMySelfProfileView.swift; sourceTree = "<group>"; };
		1BF3660C25A77E4700B196EE /* CellStatisticsProfileView.swift */ = {isa = PBXFileReference; lastKnownFileType = sourcecode.swift; path = CellStatisticsProfileView.swift; sourceTree = "<group>"; };
		1BF3661025A77F8800B196EE /* BoxStatisticsProfileView.swift */ = {isa = PBXFileReference; lastKnownFileType = sourcecode.swift; path = BoxStatisticsProfileView.swift; sourceTree = "<group>"; };
		1BF3661425A780A500B196EE /* ContactsProfileView.swift */ = {isa = PBXFileReference; lastKnownFileType = sourcecode.swift; path = ContactsProfileView.swift; sourceTree = "<group>"; };
		1BF3661925A7811000B196EE /* HeaderCurrentGame.swift */ = {isa = PBXFileReference; lastKnownFileType = sourcecode.swift; path = HeaderCurrentGame.swift; sourceTree = "<group>"; };
		1BF3661E25A7813F00B196EE /* CellGameCurrentGame.swift */ = {isa = PBXFileReference; lastKnownFileType = sourcecode.swift; path = CellGameCurrentGame.swift; sourceTree = "<group>"; };
		1BF3662325A781B100B196EE /* WhoWillPlayCurrentGame.swift */ = {isa = PBXFileReference; lastKnownFileType = sourcecode.swift; path = WhoWillPlayCurrentGame.swift; sourceTree = "<group>"; };
		1BF3662625A7820E00B196EE /* CalendarCurrentGame.swift */ = {isa = PBXFileReference; lastKnownFileType = sourcecode.swift; path = CalendarCurrentGame.swift; sourceTree = "<group>"; };
		1BF3662A25A7824100B196EE /* AboutCurrentGame.swift */ = {isa = PBXFileReference; lastKnownFileType = sourcecode.swift; path = AboutCurrentGame.swift; sourceTree = "<group>"; };
		1BF3662E25A7827700B196EE /* OrganizerCurrentGame.swift */ = {isa = PBXFileReference; lastKnownFileType = sourcecode.swift; path = OrganizerCurrentGame.swift; sourceTree = "<group>"; };
		1BF3663225A7829D00B196EE /* AboutTheAreaCurrentGame.swift */ = {isa = PBXFileReference; lastKnownFileType = sourcecode.swift; path = AboutTheAreaCurrentGame.swift; sourceTree = "<group>"; };
		1BF3663625A782BB00B196EE /* RulesCurrentGame.swift */ = {isa = PBXFileReference; lastKnownFileType = sourcecode.swift; path = RulesCurrentGame.swift; sourceTree = "<group>"; };
		1BF3663A25A782DA00B196EE /* CommentCurrentGame.swift */ = {isa = PBXFileReference; lastKnownFileType = sourcecode.swift; path = CommentCurrentGame.swift; sourceTree = "<group>"; };
		1BF3663E25A782F800B196EE /* ADVCurrentGame.swift */ = {isa = PBXFileReference; lastKnownFileType = sourcecode.swift; path = ADVCurrentGame.swift; sourceTree = "<group>"; };
		1BF3664225A7832700B196EE /* ButtonsCurrentGame.swift */ = {isa = PBXFileReference; lastKnownFileType = sourcecode.swift; path = ButtonsCurrentGame.swift; sourceTree = "<group>"; };
		1BF5BA9825B4BC8000A06872 /* DependencyInjector.swift */ = {isa = PBXFileReference; lastKnownFileType = sourcecode.swift; path = DependencyInjector.swift; sourceTree = "<group>"; };
		1BF5BA9B25B4BCCC00A06872 /* InteractorsContainer.swift */ = {isa = PBXFileReference; lastKnownFileType = sourcecode.swift; path = InteractorsContainer.swift; sourceTree = "<group>"; };
/* End PBXFileReference section */

/* Begin PBXFrameworksBuildPhase section */
		1B155F00256C06D000019C2F /* Frameworks */ = {
			isa = PBXFrameworksBuildPhase;
			buildActionMask = 2147483647;
			files = (
			);
			runOnlyForDeploymentPostprocessing = 0;
		};
/* End PBXFrameworksBuildPhase section */

/* Begin PBXGroup section */
		1B03BE6D25B7A5C700F032F7 /* Main */ = {
			isa = PBXGroup;
			children = (
				1B03BE6A25B7A5A900F032F7 /* Main.swift */,
			);
			path = Main;
			sourceTree = "<group>";
		};
		1B03BE7625B7A6DF00F032F7 /* MainApp */ = {
			isa = PBXGroup;
			children = (
				1B03BE7025B7A64D00F032F7 /* MainApp.swift */,
				1B03BE7325B7A69C00F032F7 /* MainAppInteractor.swift */,
				1B03BE7B25B7B6E200F032F7 /* MainFilterAppInteractor.swift */,
			);
			path = MainApp;
			sourceTree = "<group>";
		};
		1B0646B325A778F0003E1714 /* Cell */ = {
			isa = PBXGroup;
			children = (
				1B0646B025A778E9003E1714 /* CellMainView.swift */,
			);
			path = Cell;
			sourceTree = "<group>";
		};
		1B155EFA256C06D000019C2F = {
			isa = PBXGroup;
			children = (
				1B155F05256C06D000019C2F /* Start.Football */,
				1B155F04256C06D000019C2F /* Products */,
			);
			sourceTree = "<group>";
		};
		1B155F04256C06D000019C2F /* Products */ = {
			isa = PBXGroup;
			children = (
				1B155F03256C06D000019C2F /* Start.Football.app */,
			);
			name = Products;
			sourceTree = "<group>";
		};
		1B155F05256C06D000019C2F /* Start.Football */ = {
			isa = PBXGroup;
			children = (
				1B8C82B025AF1E7D00197D3E /* Injected */,
				1B8C82B125AF1E9000197D3E /* Interactors */,
				1B8C82B225AF1EA900197D3E /* Models */,
				1B8C82B325AF1EC300197D3E /* Persistence */,
				1B8C82B425AF1ED900197D3E /* Repositories */,
				1B8C82B525AF1EEB00197D3E /* Resources */,
				1B8C82B625AF1F0100197D3E /* System */,
				1B8C82B725AF1F2000197D3E /* UI */,
				1B8C82BA25AF1F5F00197D3E /* Utilities */,
			);
			path = Start.Football;
			sourceTree = "<group>";
		};
		1B155F0E256C06D200019C2F /* Preview Content */ = {
			isa = PBXGroup;
			children = (
				1B155F0F256C06D200019C2F /* Preview Assets.xcassets */,
			);
			path = "Preview Content";
			sourceTree = "<group>";
		};
		1B155F36256C073E00019C2F /* Storyboards */ = {
			isa = PBXGroup;
			children = (
				1B155F0E256C06D200019C2F /* Preview Content */,
				1B155F11256C06D200019C2F /* LaunchScreen.storyboard */,
			);
			path = Storyboards;
			sourceTree = "<group>";
		};
		1B155F39256C078500019C2F /* SignIn&Auth */ = {
			isa = PBXGroup;
			children = (
				1B155F41256C07F800019C2F /* PageView.swift */,
				1B155F0A256C06D000019C2F /* AuthView.swift */,
				1B155F3B256C07BE00019C2F /* SignUpView.swift */,
				1B155F3E256C07CE00019C2F /* PasswordResetView.swift */,
			);
			path = "SignIn&Auth";
			sourceTree = "<group>";
		};
		1B24DEF825802A6300510132 /* Create game */ = {
			isa = PBXGroup;
			children = (
				1B24DEF925802A9700510132 /* CreateGameView.swift */,
				1B765D9425A74B8700105940 /* Header */,
				1B765D7F25A7485200105940 /* Steps */,
			);
			path = "Create game";
			sourceTree = "<group>";
		};
		1B2D84B025B503350068693B /* CreateGame */ = {
			isa = PBXGroup;
			children = (
				1B2D84B125B503450068693B /* CreateGame.swift */,
			);
			path = CreateGame;
			sourceTree = "<group>";
		};
		1B368A5E25B64F4F007D1365 /* SignIn&SignUp */ = {
			isa = PBXGroup;
			children = (
				1B368A5B25B64F49007D1365 /* SignInAuth.swift */,
				1B368A6225B6541D007D1365 /* SignUpAuth.swift */,
				1B368A6625B6559B007D1365 /* ResetAuth.swift */,
			);
			path = "SignIn&SignUp";
			sourceTree = "<group>";
		};
		1B6BD01325B5B167008DAD8B /* CreateGameInteractor */ = {
			isa = PBXGroup;
			children = (
				1B7B648F25B71F5C0067A334 /* CreatGameActions.swift */,
				1B3ED80D25AFAB0C00EEF45D /* CreateGameInteractorImpl.swift */,
				1B6BD02525B5BEBA008DAD8B /* StepOneCreateGameInteractor.swift */,
				1B6BD02925B5C10C008DAD8B /* StepTwoCreateGameInteractor.swift */,
				1B6BD02C25B5C436008DAD8B /* StepThreeCreateGameInteractor.swift */,
				1B6BD02F25B5C46F008DAD8B /* StepFourCreateGameInteractor.swift */,
			);
			path = CreateGameInteractor;
			sourceTree = "<group>";
		};
		1B765D6525A7221B00105940 /* TextField */ = {
			isa = PBXGroup;
			children = (
				1B966C1E2576F2130084FFB4 /* PasswordTextFieldView.swift */,
				1BB63B26257D96A900FCE9E0 /* CostView.swift */,
				1B765D6125A71EC800105940 /* TextfieldOneLineView.swift */,
				1B368A5225B6351F007D1365 /* TextViewTitlePlaceholder.swift */,
				1B23561A25A79A7C00E33DA8 /* NoTextfieldOneLineView.swift */,
				1B966C1B2576F2040084FFB4 /* LoginTextFieldView.swift */,
				1B155F4A256C15F600019C2F /* TextFieldViewOld.swift */,
				1B4B65F525A8A56E00801E12 /* FormatGameTextField.swift */,
			);
			path = TextField;
			sourceTree = "<group>";
		};
		1B765D6825A7223700105940 /* Button */ = {
			isa = PBXGroup;
			children = (
				1B765D7A25A7347D00105940 /* BoxButtonRound.swift */,
				1B765D7625A72F8E00105940 /* BoxDateButton.swift */,
				1B966C22257702D70084FFB4 /* ButtonApple.swift */,
				1B966C27257706940084FFB4 /* ButtonGoogle.swift */,
				1B155F46256C09A200019C2F /* ButtonView.swift */,
				1B966C2D257717760084FFB4 /* ButtonCancel.swift */,
				1B765D7325A724AA00105940 /* ButtonRoundGreen.swift */,
				1B5E4DD825A74CA500287D98 /* BackButtonCreateGameView.swift */,
				1B4B65FB25A8B42800801E12 /* ButtonParking.swift */,
				1B368A5825B640E5007D1365 /* CellWithPlayerButton.swift */,
			);
			path = Button;
			sourceTree = "<group>";
		};
		1B765D6B25A7226A00105940 /* SheetView */ = {
			isa = PBXGroup;
			children = (
				1B23561E25A7A2CC00E33DA8 /* PreviewGameSheet.swift */,
				1B23562225A7B09900E33DA8 /* FilterGameSheet.swift */,
				1B23562525A7B8FD00E33DA8 /* TypeOfParkingSheet.swift */,
				1B23562B25A7BD2400E33DA8 /* TimePickerSheet.swift */,
				1B23563125A7C25400E33DA8 /* DatePickerSheet.swift */,
			);
			path = SheetView;
			sourceTree = "<group>";
		};
		1B765D6F25A723BA00105940 /* Picker */ = {
			isa = PBXGroup;
			children = (
				1BB63B20257D92A900FCE9E0 /* DatePickerView.swift */,
				1B23561725A798DA00E33DA8 /* TimePickerCreateGame.swift */,
				1BB63B23257D92BF00FCE9E0 /* TimePickerView.swift */,
			);
			path = Picker;
			sourceTree = "<group>";
		};
		1B765D7F25A7485200105940 /* Steps */ = {
			isa = PBXGroup;
			children = (
				1B765D8025A7488500105940 /* CreateGameStepOne.swift */,
				1B765D8425A7489A00105940 /* CreateGameStepTwo.swift */,
				1BA208AC25A774F1005B4D0C /* StepThree */,
				1B765D8A25A748BE00105940 /* CreateGameStepFour.swift */,
				1B765D8D25A748CC00105940 /* CreateGameStepFive.swift */,
			);
			path = Steps;
			sourceTree = "<group>";
		};
		1B765D9425A74B8700105940 /* Header */ = {
			isa = PBXGroup;
			children = (
				1B765D9125A74B8100105940 /* HeaderCreateGameView.swift */,
			);
			path = Header;
			sourceTree = "<group>";
		};
		1B78CCBE256DAA8B00297221 /* Extensions */ = {
			isa = PBXGroup;
			children = (
				1B78CCBF256DAB0800297221 /* FullscreenSheet.swift */,
				1B78CCE7256DBC7100297221 /* Font.swift */,
				1B04FC362571A56A00AC40D5 /* UIScreen.swift */,
				1B68131425744A7F00B54977 /* KeyboardListener.swift */,
				1B5CCDB6257ED7AB0000BC79 /* ColorExtensions.swift */,
			);
			path = Extensions;
			sourceTree = "<group>";
		};
		1B78CCC6256DB9E000297221 /* Fonts */ = {
			isa = PBXGroup;
			children = (
				1B966C252577057D0084FFB4 /* SFProDisplay-Medium.ttf */,
				1B78CCC8256DBA0600297221 /* Roboto-Black.ttf */,
				1B78CCCC256DBA0600297221 /* Roboto-Bold.ttf */,
				1B78CCD2256DBA0600297221 /* Roboto-Light.ttf */,
				1B78CCD0256DBA0600297221 /* Roboto-Medium.ttf */,
				1B78CCC7256DBA0600297221 /* Roboto-Regular.ttf */,
				1B78CCCA256DBA0600297221 /* Roboto-Thin.ttf */,
			);
			path = Fonts;
			sourceTree = "<group>";
		};
		1B7970E5256DC9FD006DAFC0 /* MainView */ = {
			isa = PBXGroup;
			children = (
				1B78CCEF256DC4E300297221 /* MainView.swift */,
				1BD9108E257598E4005B3CFC /* CurrentGame */,
				1BD9109825759C08005B3CFC /* Profile */,
				1BA208B425A777BF005B4D0C /* Header */,
				1BA208BA25A77816005B4D0C /* Menu */,
				1B0646B325A778F0003E1714 /* Cell */,
			);
			path = MainView;
			sourceTree = "<group>";
		};
		1B7B649A25B7250A0067A334 /* AuthInteractor */ = {
			isa = PBXGroup;
			children = (
				1B7B649225B71FF50067A334 /* AuthApp.swift */,
				1B7B649725B724FB0067A334 /* AuthInteractor.swift */,
				1BE105E625B743400060DA3D /* SignUPAuthInteractor.swift */,
				1BE105E925B743840060DA3D /* ResetAuthInteractor.swift */,
			);
			path = AuthInteractor;
			sourceTree = "<group>";
		};
		1B8C82B025AF1E7D00197D3E /* Injected */ = {
			isa = PBXGroup;
			children = (
				1B37B01025AF23920007AEF3 /* AppState.swift */,
				1BF5BA9B25B4BCCC00A06872 /* InteractorsContainer.swift */,
				1BF5BA9825B4BC8000A06872 /* DependencyInjector.swift */,
				1B368A5E25B64F4F007D1365 /* SignIn&SignUp */,
				1B03BE6D25B7A5C700F032F7 /* Main */,
				1B2D84B025B503350068693B /* CreateGame */,
			);
			path = Injected;
			sourceTree = "<group>";
		};
		1B8C82B125AF1E9000197D3E /* Interactors */ = {
			isa = PBXGroup;
			children = (
				1B67934B25B2F78C00DADFC4 /* AppActions.swift */,
				1B03BE7625B7A6DF00F032F7 /* MainApp */,
				1B7B649A25B7250A0067A334 /* AuthInteractor */,
				1B6BD01325B5B167008DAD8B /* CreateGameInteractor */,
			);
			path = Interactors;
			sourceTree = "<group>";
		};
		1B8C82B225AF1EA900197D3E /* Models */ = {
			isa = PBXGroup;
			children = (
			);
			path = Models;
			sourceTree = "<group>";
		};
		1B8C82B325AF1EC300197D3E /* Persistence */ = {
			isa = PBXGroup;
			children = (
			);
			path = Persistence;
			sourceTree = "<group>";
		};
		1B8C82B425AF1ED900197D3E /* Repositories */ = {
			isa = PBXGroup;
			children = (
			);
			path = Repositories;
			sourceTree = "<group>";
		};
		1B8C82B525AF1EEB00197D3E /* Resources */ = {
			isa = PBXGroup;
			children = (
				1B78CCC6256DB9E000297221 /* Fonts */,
				1B155F0C256C06D200019C2F /* Assets.xcassets */,
				1B155F14256C06D200019C2F /* Info.plist */,
			);
			path = Resources;
			sourceTree = "<group>";
		};
		1B8C82B625AF1F0100197D3E /* System */ = {
			isa = PBXGroup;
			children = (
				1B155F06256C06D000019C2F /* AppDelegate.swift */,
				1B155F08256C06D000019C2F /* SceneDelegate.swift */,
				1B37B01325AF316B0007AEF3 /* AppEnvironment.swift */,
			);
			path = System;
			sourceTree = "<group>";
		};
		1B8C82B725AF1F2000197D3E /* UI */ = {
			isa = PBXGroup;
			children = (
				1B37B02725AF4CBE0007AEF3 /* ContentView.swift */,
				1B8C82B825AF1F3400197D3E /* Components */,
				1B8C82B925AF1F4400197D3E /* Screens */,
				1B155F36256C073E00019C2F /* Storyboards */,
				1B8C82BD25AF21B200197D3E /* Preview Content */,
			);
			path = UI;
			sourceTree = "<group>";
		};
		1B8C82B825AF1F3400197D3E /* Components */ = {
			isa = PBXGroup;
			children = (
				1B765D6F25A723BA00105940 /* Picker */,
				1B765D6B25A7226A00105940 /* SheetView */,
				1B765D6825A7223700105940 /* Button */,
				1B765D6525A7221B00105940 /* TextField */,
				1B6A4677259A445E00F6DA00 /* ProgressBarView.swift */,
				1B155F52256C471D00019C2F /* CheckboxFieldView.swift */,
				1B68131825745DEE00B54977 /* ADV.swift */,
				1B68131B2574602D00B54977 /* Plug.swift */,
				1B68132425746E4B00B54977 /* MapGameView.swift */,
				1B7F7C8025840E0500308106 /* RoundedColorEdge.swift */,
				1B37B02A25AF52C00007AEF3 /* ActivityIndicatorView.swift */,
				1B368A5525B63B1A007D1365 /* ImageViewMiniCG.swift */,
			);
			path = Components;
			sourceTree = "<group>";
		};
		1B8C82B925AF1F4400197D3E /* Screens */ = {
			isa = PBXGroup;
			children = (
				1B155F39256C078500019C2F /* SignIn&Auth */,
				1B78CCEB256DC2C200297221 /* TabViewApp.swift */,
				1B7970E5256DC9FD006DAFC0 /* MainView */,
				1B24DEF825802A6300510132 /* Create game */,
			);
			path = Screens;
			sourceTree = "<group>";
		};
		1B8C82BA25AF1F5F00197D3E /* Utilities */ = {
			isa = PBXGroup;
			children = (
				1B78CCBE256DAA8B00297221 /* Extensions */,
				1B67935925B31DB900DADFC4 /* Store.swift */,
				1B06E0C425B62B5400B1B8D6 /* TextView.swift */,
				1B3828AB25B867760007790A /* TextFieldUIKit.swift */,
				1B6A0902257041330001861F /* Size.swift */,
				1BB6FEE425A8E8A00040843C /* GetDateStringFromDate.swift */,
				1B7B648C25B71F100067A334 /* Validators.swift */,
			);
			path = Utilities;
			sourceTree = "<group>";
		};
		1B8C82BD25AF21B200197D3E /* Preview Content */ = {
			isa = PBXGroup;
			children = (
				1B8C82BE25AF21B200197D3E /* Preview Assets.xcassets */,
			);
			path = "Preview Content";
			sourceTree = "<group>";
		};
		1BA208AC25A774F1005B4D0C /* StepThree */ = {
			isa = PBXGroup;
			children = (
				1B765D8725A748AA00105940 /* CreateGameStepThree.swift */,
				1BA208AE25A7750D005B4D0C /* BoxPrivacyCreateGame.swift */,
				1B2D84B725B505590068693B /* BoxSliderCreateGame.swift */,
			);
			path = StepThree;
			sourceTree = "<group>";
		};
		1BA208B425A777BF005B4D0C /* Header */ = {
			isa = PBXGroup;
			children = (
				1BA208B125A77795005B4D0C /* HeaderMainView.swift */,
			);
			path = Header;
			sourceTree = "<group>";
		};
		1BA208BA25A77816005B4D0C /* Menu */ = {
			isa = PBXGroup;
			children = (
				1BA208B625A777F3005B4D0C /* MenuMainView.swift */,
			);
			path = Menu;
			sourceTree = "<group>";
		};
		1BD9108E257598E4005B3CFC /* CurrentGame */ = {
			isa = PBXGroup;
			children = (
				1B762C85257566C700414808 /* CurrentGameView.swift */,
				1BF3662125A7814500B196EE /* Cell */,
				1BF3661C25A7812C00B196EE /* Header */,
			);
			path = CurrentGame;
			sourceTree = "<group>";
		};
		1BD9109825759C08005B3CFC /* Profile */ = {
			isa = PBXGroup;
			children = (
				1BD9109925759C46005B3CFC /* ProfileView.swift */,
				1BF3661725A780C700B196EE /* Contacts */,
				1BF3660F25A77F6100B196EE /* Statistics */,
				1BF3660A25A77E1200B196EE /* AboutMe */,
				1BF3660425A77DA100B196EE /* Header */,
			);
			path = Profile;
			sourceTree = "<group>";
		};
		1BF3660425A77DA100B196EE /* Header */ = {
			isa = PBXGroup;
			children = (
				1BF3660125A77D7A00B196EE /* HeaderProfileView.swift */,
			);
			path = Header;
			sourceTree = "<group>";
		};
		1BF3660A25A77E1200B196EE /* AboutMe */ = {
			isa = PBXGroup;
			children = (
				1BF3660625A77DD600B196EE /* AboutMySelfProfileView.swift */,
			);
			path = AboutMe;
			sourceTree = "<group>";
		};
		1BF3660F25A77F6100B196EE /* Statistics */ = {
			isa = PBXGroup;
			children = (
				1BF3660C25A77E4700B196EE /* CellStatisticsProfileView.swift */,
				1BF3661025A77F8800B196EE /* BoxStatisticsProfileView.swift */,
			);
			path = Statistics;
			sourceTree = "<group>";
		};
		1BF3661725A780C700B196EE /* Contacts */ = {
			isa = PBXGroup;
			children = (
				1BF3661425A780A500B196EE /* ContactsProfileView.swift */,
			);
			path = Contacts;
			sourceTree = "<group>";
		};
		1BF3661C25A7812C00B196EE /* Header */ = {
			isa = PBXGroup;
			children = (
				1BF3661925A7811000B196EE /* HeaderCurrentGame.swift */,
			);
			path = Header;
			sourceTree = "<group>";
		};
		1BF3662125A7814500B196EE /* Cell */ = {
			isa = PBXGroup;
			children = (
				1BF3661E25A7813F00B196EE /* CellGameCurrentGame.swift */,
				1BF3662325A781B100B196EE /* WhoWillPlayCurrentGame.swift */,
				1BF3662625A7820E00B196EE /* CalendarCurrentGame.swift */,
				1BF3662A25A7824100B196EE /* AboutCurrentGame.swift */,
				1BF3662E25A7827700B196EE /* OrganizerCurrentGame.swift */,
				1BF3663225A7829D00B196EE /* AboutTheAreaCurrentGame.swift */,
				1BF3663625A782BB00B196EE /* RulesCurrentGame.swift */,
				1BF3663A25A782DA00B196EE /* CommentCurrentGame.swift */,
				1BF3663E25A782F800B196EE /* ADVCurrentGame.swift */,
				1BF3664225A7832700B196EE /* ButtonsCurrentGame.swift */,
			);
			path = Cell;
			sourceTree = "<group>";
		};
/* End PBXGroup section */

/* Begin PBXNativeTarget section */
		1B155F02256C06D000019C2F /* Start.Football */ = {
			isa = PBXNativeTarget;
			buildConfigurationList = 1B155F17256C06D200019C2F /* Build configuration list for PBXNativeTarget "Start.Football" */;
			buildPhases = (
				1B155EFF256C06D000019C2F /* Sources */,
				1B155F00256C06D000019C2F /* Frameworks */,
				1B155F01256C06D000019C2F /* Resources */,
			);
			buildRules = (
			);
			dependencies = (
			);
			name = Start.Football;
			productName = Start.Football;
			productReference = 1B155F03256C06D000019C2F /* Start.Football.app */;
			productType = "com.apple.product-type.application";
		};
/* End PBXNativeTarget section */

/* Begin PBXProject section */
		1B155EFB256C06D000019C2F /* Project object */ = {
			isa = PBXProject;
			attributes = {
				LastSwiftUpdateCheck = 1220;
				LastUpgradeCheck = 1220;
				TargetAttributes = {
					1B155F02256C06D000019C2F = {
						CreatedOnToolsVersion = 12.2;
					};
				};
			};
			buildConfigurationList = 1B155EFE256C06D000019C2F /* Build configuration list for PBXProject "Start.Football" */;
			compatibilityVersion = "Xcode 9.3";
			developmentRegion = en;
			hasScannedForEncodings = 0;
			knownRegions = (
				en,
				Base,
			);
			mainGroup = 1B155EFA256C06D000019C2F;
			productRefGroup = 1B155F04256C06D000019C2F /* Products */;
			projectDirPath = "";
			projectRoot = "";
			targets = (
				1B155F02256C06D000019C2F /* Start.Football */,
			);
		};
/* End PBXProject section */

/* Begin PBXResourcesBuildPhase section */
		1B155F01256C06D000019C2F /* Resources */ = {
			isa = PBXResourcesBuildPhase;
			buildActionMask = 2147483647;
			files = (
				1B78CCD6256DBA0600297221 /* Roboto-Thin.ttf in Resources */,
				1B78CCD8256DBA0600297221 /* Roboto-Bold.ttf in Resources */,
				1B8C82BF25AF21B200197D3E /* Preview Assets.xcassets in Resources */,
				1B78CCDE256DBA0600297221 /* Roboto-Light.ttf in Resources */,
				1B155F13256C06D200019C2F /* LaunchScreen.storyboard in Resources */,
				1B155F10256C06D200019C2F /* Preview Assets.xcassets in Resources */,
				1B78CCD3256DBA0600297221 /* Roboto-Regular.ttf in Resources */,
				1B155F0D256C06D200019C2F /* Assets.xcassets in Resources */,
				1B78CCDC256DBA0600297221 /* Roboto-Medium.ttf in Resources */,
				1B78CCD4256DBA0600297221 /* Roboto-Black.ttf in Resources */,
			);
			runOnlyForDeploymentPostprocessing = 0;
		};
/* End PBXResourcesBuildPhase section */

/* Begin PBXSourcesBuildPhase section */
		1B155EFF256C06D000019C2F /* Sources */ = {
			isa = PBXSourcesBuildPhase;
			buildActionMask = 2147483647;
			files = (
				1B2D84B825B505590068693B /* BoxSliderCreateGame.swift in Sources */,
				1B7F7C8125840E0500308106 /* RoundedColorEdge.swift in Sources */,
				1B68131525744A7F00B54977 /* KeyboardListener.swift in Sources */,
				1B765D8525A7489A00105940 /* CreateGameStepTwo.swift in Sources */,
				1BF3660225A77D7A00B196EE /* HeaderProfileView.swift in Sources */,
				1BB63B24257D92BF00FCE9E0 /* TimePickerView.swift in Sources */,
				1B6BD03025B5C46F008DAD8B /* StepFourCreateGameInteractor.swift in Sources */,
				1B155F07256C06D000019C2F /* AppDelegate.swift in Sources */,
				1B0646B125A778E9003E1714 /* CellMainView.swift in Sources */,
				1B67935A25B31DB900DADFC4 /* Store.swift in Sources */,
				1B23563225A7C25400E33DA8 /* DatePickerSheet.swift in Sources */,
				1B7B649025B71F5C0067A334 /* CreatGameActions.swift in Sources */,
				1B765D8B25A748BE00105940 /* CreateGameStepFour.swift in Sources */,
				1B6A0903257041330001861F /* Size.swift in Sources */,
				1B5E4DD925A74CA500287D98 /* BackButtonCreateGameView.swift in Sources */,
				1B6BD02A25B5C10C008DAD8B /* StepTwoCreateGameInteractor.swift in Sources */,
				1B765D8825A748AA00105940 /* CreateGameStepThree.swift in Sources */,
				1BF3661F25A7813F00B196EE /* CellGameCurrentGame.swift in Sources */,
				1BB63B21257D92A900FCE9E0 /* DatePickerView.swift in Sources */,
				1B155F42256C07F800019C2F /* PageView.swift in Sources */,
				1B23562C25A7BD2400E33DA8 /* TimePickerSheet.swift in Sources */,
				1BF3660725A77DD600B196EE /* AboutMySelfProfileView.swift in Sources */,
				1BF3663325A7829D00B196EE /* AboutTheAreaCurrentGame.swift in Sources */,
				1B78CCE8256DBC7100297221 /* Font.swift in Sources */,
				1B37B01125AF23920007AEF3 /* AppState.swift in Sources */,
				1B966C2E257717760084FFB4 /* ButtonCancel.swift in Sources */,
				1BF3660D25A77E4700B196EE /* CellStatisticsProfileView.swift in Sources */,
				1B7B648D25B71F100067A334 /* Validators.swift in Sources */,
				1B966C1C2576F2040084FFB4 /* LoginTextFieldView.swift in Sources */,
				1B155F4B256C15F600019C2F /* TextFieldViewOld.swift in Sources */,
				1BD9109A25759C47005B3CFC /* ProfileView.swift in Sources */,
				1B68131925745DEE00B54977 /* ADV.swift in Sources */,
				1B4B65FC25A8B42800801E12 /* ButtonParking.swift in Sources */,
				1B966C23257702D70084FFB4 /* ButtonApple.swift in Sources */,
				1B155F3C256C07BE00019C2F /* SignUpView.swift in Sources */,
				1BF3662725A7820E00B196EE /* CalendarCurrentGame.swift in Sources */,
				1B155F53256C471D00019C2F /* CheckboxFieldView.swift in Sources */,
				1BF3664325A7832700B196EE /* ButtonsCurrentGame.swift in Sources */,
				1B03BE7425B7A69C00F032F7 /* MainAppInteractor.swift in Sources */,
				1B3828AC25B867760007790A /* TextFieldUIKit.swift in Sources */,
				1B7B649825B724FB0067A334 /* AuthInteractor.swift in Sources */,
				1B6BD02625B5BEBA008DAD8B /* StepOneCreateGameInteractor.swift in Sources */,
				1B3ED80E25AFAB0C00EEF45D /* CreateGameInteractorImpl.swift in Sources */,
				1B23561825A798DA00E33DA8 /* TimePickerCreateGame.swift in Sources */,
				1B37B02825AF4CBE0007AEF3 /* ContentView.swift in Sources */,
				1B155F09256C06D000019C2F /* SceneDelegate.swift in Sources */,
				1BE105EA25B743840060DA3D /* ResetAuthInteractor.swift in Sources */,
				1B67934C25B2F78C00DADFC4 /* AppActions.swift in Sources */,
				1B368A5C25B64F49007D1365 /* SignInAuth.swift in Sources */,
				1B765D7425A724AA00105940 /* ButtonRoundGreen.swift in Sources */,
				1BA208B725A777F3005B4D0C /* MenuMainView.swift in Sources */,
				1B765D8E25A748CC00105940 /* CreateGameStepFive.swift in Sources */,
				1B7B649325B71FF50067A334 /* AuthApp.swift in Sources */,
				1B966C1F2576F2130084FFB4 /* PasswordTextFieldView.swift in Sources */,
				1BF5BA9925B4BC8000A06872 /* DependencyInjector.swift in Sources */,
				1B78CCF0256DC4E300297221 /* MainView.swift in Sources */,
				1B368A6325B6541D007D1365 /* SignUpAuth.swift in Sources */,
				1B762C86257566C700414808 /* CurrentGameView.swift in Sources */,
				1B6BD02D25B5C436008DAD8B /* StepThreeCreateGameInteractor.swift in Sources */,
				1B6A4678259A445E00F6DA00 /* ProgressBarView.swift in Sources */,
				1B765D6225A71EC800105940 /* TextfieldOneLineView.swift in Sources */,
				1BB63B27257D96A900FCE9E0 /* CostView.swift in Sources */,
				1B5CCDB7257ED7AB0000BC79 /* ColorExtensions.swift in Sources */,
				1B23561B25A79A7C00E33DA8 /* NoTextfieldOneLineView.swift in Sources */,
				1B37B02B25AF52C00007AEF3 /* ActivityIndicatorView.swift in Sources */,
				1BF3663B25A782DA00B196EE /* CommentCurrentGame.swift in Sources */,
				1B68132525746E4B00B54977 /* MapGameView.swift in Sources */,
				1B368A5625B63B1A007D1365 /* ImageViewMiniCG.swift in Sources */,
				1B78CCC0256DAB0800297221 /* FullscreenSheet.swift in Sources */,
				1B24DEFA25802A9700510132 /* CreateGameView.swift in Sources */,
				1B03BE7C25B7B6E200F032F7 /* MainFilterAppInteractor.swift in Sources */,
				1B2D84B225B503450068693B /* CreateGame.swift in Sources */,
				1B155F3F256C07CE00019C2F /* PasswordResetView.swift in Sources */,
				1B68131C2574602D00B54977 /* Plug.swift in Sources */,
				1B23562325A7B09900E33DA8 /* FilterGameSheet.swift in Sources */,
				1BF5BA9C25B4BCCC00A06872 /* InteractorsContainer.swift in Sources */,
				1BF3661125A77F8800B196EE /* BoxStatisticsProfileView.swift in Sources */,
				1BB6FEE525A8E8A00040843C /* GetDateStringFromDate.swift in Sources */,
				1B03BE6B25B7A5A900F032F7 /* Main.swift in Sources */,
				1BF3662B25A7824100B196EE /* AboutCurrentGame.swift in Sources */,
				1BF3661525A780A500B196EE /* ContactsProfileView.swift in Sources */,
				1B155F0B256C06D000019C2F /* AuthView.swift in Sources */,
				1B06E0C525B62B5400B1B8D6 /* TextView.swift in Sources */,
				1B04FC372571A56A00AC40D5 /* UIScreen.swift in Sources */,
				1BF3663F25A782F800B196EE /* ADVCurrentGame.swift in Sources */,
				1B4B65F625A8A56E00801E12 /* FormatGameTextField.swift in Sources */,
				1BA208B225A77795005B4D0C /* HeaderMainView.swift in Sources */,
				1B765D8125A7488500105940 /* CreateGameStepOne.swift in Sources */,
				1BA208AF25A7750D005B4D0C /* BoxPrivacyCreateGame.swift in Sources */,
				1B368A6725B6559B007D1365 /* ResetAuth.swift in Sources */,
				1B368A5925B640E5007D1365 /* CellWithPlayerButton.swift in Sources */,
				1B23562625A7B8FD00E33DA8 /* TypeOfParkingSheet.swift in Sources */,
				1B765D9225A74B8100105940 /* HeaderCreateGameView.swift in Sources */,
				1BE105E725B743400060DA3D /* SignUPAuthInteractor.swift in Sources */,
				1B03BE7125B7A64D00F032F7 /* MainApp.swift in Sources */,
				1BF3662F25A7827700B196EE /* OrganizerCurrentGame.swift in Sources */,
				1B78CCEC256DC2C200297221 /* TabViewApp.swift in Sources */,
				1BF3661A25A7811000B196EE /* HeaderCurrentGame.swift in Sources */,
				1BF3662425A781B100B196EE /* WhoWillPlayCurrentGame.swift in Sources */,
				1B37B01425AF316B0007AEF3 /* AppEnvironment.swift in Sources */,
				1B368A5325B6351F007D1365 /* TextViewTitlePlaceholder.swift in Sources */,
				1B23561F25A7A2CC00E33DA8 /* PreviewGameSheet.swift in Sources */,
				1BF3663725A782BB00B196EE /* RulesCurrentGame.swift in Sources */,
				1B765D7725A72F8E00105940 /* BoxDateButton.swift in Sources */,
				1B155F47256C09A200019C2F /* ButtonView.swift in Sources */,
				1B765D7B25A7347D00105940 /* BoxButtonRound.swift in Sources */,
				1B966C28257706940084FFB4 /* ButtonGoogle.swift in Sources */,
			);
			runOnlyForDeploymentPostprocessing = 0;
		};
/* End PBXSourcesBuildPhase section */

/* Begin PBXVariantGroup section */
		1B155F11256C06D200019C2F /* LaunchScreen.storyboard */ = {
			isa = PBXVariantGroup;
			children = (
				1B155F12256C06D200019C2F /* Base */,
			);
			name = LaunchScreen.storyboard;
			sourceTree = "<group>";
		};
/* End PBXVariantGroup section */

/* Begin XCBuildConfiguration section */
		1B155F15256C06D200019C2F /* Debug */ = {
			isa = XCBuildConfiguration;
			buildSettings = {
				ALWAYS_SEARCH_USER_PATHS = NO;
				CLANG_ANALYZER_NONNULL = YES;
				CLANG_ANALYZER_NUMBER_OBJECT_CONVERSION = YES_AGGRESSIVE;
				CLANG_CXX_LANGUAGE_STANDARD = "gnu++14";
				CLANG_CXX_LIBRARY = "libc++";
				CLANG_ENABLE_MODULES = YES;
				CLANG_ENABLE_OBJC_ARC = YES;
				CLANG_ENABLE_OBJC_WEAK = YES;
				CLANG_WARN_BLOCK_CAPTURE_AUTORELEASING = YES;
				CLANG_WARN_BOOL_CONVERSION = YES;
				CLANG_WARN_COMMA = YES;
				CLANG_WARN_CONSTANT_CONVERSION = YES;
				CLANG_WARN_DEPRECATED_OBJC_IMPLEMENTATIONS = YES;
				CLANG_WARN_DIRECT_OBJC_ISA_USAGE = YES_ERROR;
				CLANG_WARN_DOCUMENTATION_COMMENTS = YES;
				CLANG_WARN_EMPTY_BODY = YES;
				CLANG_WARN_ENUM_CONVERSION = YES;
				CLANG_WARN_INFINITE_RECURSION = YES;
				CLANG_WARN_INT_CONVERSION = YES;
				CLANG_WARN_NON_LITERAL_NULL_CONVERSION = YES;
				CLANG_WARN_OBJC_IMPLICIT_RETAIN_SELF = YES;
				CLANG_WARN_OBJC_LITERAL_CONVERSION = YES;
				CLANG_WARN_OBJC_ROOT_CLASS = YES_ERROR;
				CLANG_WARN_QUOTED_INCLUDE_IN_FRAMEWORK_HEADER = YES;
				CLANG_WARN_RANGE_LOOP_ANALYSIS = YES;
				CLANG_WARN_STRICT_PROTOTYPES = YES;
				CLANG_WARN_SUSPICIOUS_MOVE = YES;
				CLANG_WARN_UNGUARDED_AVAILABILITY = YES_AGGRESSIVE;
				CLANG_WARN_UNREACHABLE_CODE = YES;
				CLANG_WARN__DUPLICATE_METHOD_MATCH = YES;
				COPY_PHASE_STRIP = NO;
				DEBUG_INFORMATION_FORMAT = dwarf;
				ENABLE_STRICT_OBJC_MSGSEND = YES;
				ENABLE_TESTABILITY = YES;
				GCC_C_LANGUAGE_STANDARD = gnu11;
				GCC_DYNAMIC_NO_PIC = NO;
				GCC_NO_COMMON_BLOCKS = YES;
				GCC_OPTIMIZATION_LEVEL = 0;
				GCC_PREPROCESSOR_DEFINITIONS = (
					"DEBUG=1",
					"$(inherited)",
				);
				GCC_WARN_64_TO_32_BIT_CONVERSION = YES;
				GCC_WARN_ABOUT_RETURN_TYPE = YES_ERROR;
				GCC_WARN_UNDECLARED_SELECTOR = YES;
				GCC_WARN_UNINITIALIZED_AUTOS = YES_AGGRESSIVE;
				GCC_WARN_UNUSED_FUNCTION = YES;
				GCC_WARN_UNUSED_VARIABLE = YES;
				IPHONEOS_DEPLOYMENT_TARGET = 13.0;
				MTL_ENABLE_DEBUG_INFO = INCLUDE_SOURCE;
				MTL_FAST_MATH = YES;
				ONLY_ACTIVE_ARCH = YES;
				SDKROOT = iphoneos;
				SWIFT_ACTIVE_COMPILATION_CONDITIONS = DEBUG;
				SWIFT_OPTIMIZATION_LEVEL = "-Onone";
			};
			name = Debug;
		};
		1B155F16256C06D200019C2F /* Release */ = {
			isa = XCBuildConfiguration;
			buildSettings = {
				ALWAYS_SEARCH_USER_PATHS = NO;
				CLANG_ANALYZER_NONNULL = YES;
				CLANG_ANALYZER_NUMBER_OBJECT_CONVERSION = YES_AGGRESSIVE;
				CLANG_CXX_LANGUAGE_STANDARD = "gnu++14";
				CLANG_CXX_LIBRARY = "libc++";
				CLANG_ENABLE_MODULES = YES;
				CLANG_ENABLE_OBJC_ARC = YES;
				CLANG_ENABLE_OBJC_WEAK = YES;
				CLANG_WARN_BLOCK_CAPTURE_AUTORELEASING = YES;
				CLANG_WARN_BOOL_CONVERSION = YES;
				CLANG_WARN_COMMA = YES;
				CLANG_WARN_CONSTANT_CONVERSION = YES;
				CLANG_WARN_DEPRECATED_OBJC_IMPLEMENTATIONS = YES;
				CLANG_WARN_DIRECT_OBJC_ISA_USAGE = YES_ERROR;
				CLANG_WARN_DOCUMENTATION_COMMENTS = YES;
				CLANG_WARN_EMPTY_BODY = YES;
				CLANG_WARN_ENUM_CONVERSION = YES;
				CLANG_WARN_INFINITE_RECURSION = YES;
				CLANG_WARN_INT_CONVERSION = YES;
				CLANG_WARN_NON_LITERAL_NULL_CONVERSION = YES;
				CLANG_WARN_OBJC_IMPLICIT_RETAIN_SELF = YES;
				CLANG_WARN_OBJC_LITERAL_CONVERSION = YES;
				CLANG_WARN_OBJC_ROOT_CLASS = YES_ERROR;
				CLANG_WARN_QUOTED_INCLUDE_IN_FRAMEWORK_HEADER = YES;
				CLANG_WARN_RANGE_LOOP_ANALYSIS = YES;
				CLANG_WARN_STRICT_PROTOTYPES = YES;
				CLANG_WARN_SUSPICIOUS_MOVE = YES;
				CLANG_WARN_UNGUARDED_AVAILABILITY = YES_AGGRESSIVE;
				CLANG_WARN_UNREACHABLE_CODE = YES;
				CLANG_WARN__DUPLICATE_METHOD_MATCH = YES;
				COPY_PHASE_STRIP = NO;
				DEBUG_INFORMATION_FORMAT = "dwarf-with-dsym";
				ENABLE_NS_ASSERTIONS = NO;
				ENABLE_STRICT_OBJC_MSGSEND = YES;
				GCC_C_LANGUAGE_STANDARD = gnu11;
				GCC_NO_COMMON_BLOCKS = YES;
				GCC_WARN_64_TO_32_BIT_CONVERSION = YES;
				GCC_WARN_ABOUT_RETURN_TYPE = YES_ERROR;
				GCC_WARN_UNDECLARED_SELECTOR = YES;
				GCC_WARN_UNINITIALIZED_AUTOS = YES_AGGRESSIVE;
				GCC_WARN_UNUSED_FUNCTION = YES;
				GCC_WARN_UNUSED_VARIABLE = YES;
				IPHONEOS_DEPLOYMENT_TARGET = 13.0;
				MTL_ENABLE_DEBUG_INFO = NO;
				MTL_FAST_MATH = YES;
				SDKROOT = iphoneos;
				SWIFT_COMPILATION_MODE = wholemodule;
				SWIFT_OPTIMIZATION_LEVEL = "-O";
				VALIDATE_PRODUCT = YES;
			};
			name = Release;
		};
		1B155F18256C06D200019C2F /* Debug */ = {
			isa = XCBuildConfiguration;
			buildSettings = {
				ASSETCATALOG_COMPILER_APPICON_NAME = AppIcon;
				ASSETCATALOG_COMPILER_GLOBAL_ACCENT_COLOR_NAME = AccentColor;
				CODE_SIGN_STYLE = Automatic;
				CURRENT_PROJECT_VERSION = 28;
				DEVELOPMENT_ASSET_PATHS = "\"Start.Football/UI/Preview Content\"";
				DEVELOPMENT_TEAM = 34VDSPZYU9;
				ENABLE_PREVIEWS = YES;
				INFOPLIST_FILE = "$(SRCROOT)/Start.Football/Resources/Info.plist";
				IPHONEOS_DEPLOYMENT_TARGET = 13.0;
				LD_RUNPATH_SEARCH_PATHS = (
					"$(inherited)",
					"@executable_path/Frameworks",
				);
				MARKETING_VERSION = 1.0.28;
				PRODUCT_BUNDLE_IDENTIFIER = "com.SosinVitalii.Start-Football";
				PRODUCT_NAME = "$(TARGET_NAME)";
				SWIFT_VERSION = 5.0;
				TARGETED_DEVICE_FAMILY = 1;
			};
			name = Debug;
		};
		1B155F19256C06D200019C2F /* Release */ = {
			isa = XCBuildConfiguration;
			buildSettings = {
				ASSETCATALOG_COMPILER_APPICON_NAME = AppIcon;
				ASSETCATALOG_COMPILER_GLOBAL_ACCENT_COLOR_NAME = AccentColor;
				CODE_SIGN_STYLE = Automatic;
				CURRENT_PROJECT_VERSION = 28;
				DEVELOPMENT_ASSET_PATHS = "\"Start.Football/UI/Preview Content\"";
				DEVELOPMENT_TEAM = 34VDSPZYU9;
				ENABLE_PREVIEWS = YES;
				INFOPLIST_FILE = "$(SRCROOT)/Start.Football/Resources/Info.plist";
				IPHONEOS_DEPLOYMENT_TARGET = 13.0;
				LD_RUNPATH_SEARCH_PATHS = (
					"$(inherited)",
					"@executable_path/Frameworks",
				);
				MARKETING_VERSION = 1.0.28;
				PRODUCT_BUNDLE_IDENTIFIER = "com.SosinVitalii.Start-Football";
				PRODUCT_NAME = "$(TARGET_NAME)";
				SWIFT_VERSION = 5.0;
				TARGETED_DEVICE_FAMILY = 1;
			};
			name = Release;
		};
/* End XCBuildConfiguration section */

/* Begin XCConfigurationList section */
		1B155EFE256C06D000019C2F /* Build configuration list for PBXProject "Start.Football" */ = {
			isa = XCConfigurationList;
			buildConfigurations = (
				1B155F15256C06D200019C2F /* Debug */,
				1B155F16256C06D200019C2F /* Release */,
			);
			defaultConfigurationIsVisible = 0;
			defaultConfigurationName = Release;
		};
		1B155F17256C06D200019C2F /* Build configuration list for PBXNativeTarget "Start.Football" */ = {
			isa = XCConfigurationList;
			buildConfigurations = (
				1B155F18256C06D200019C2F /* Debug */,
				1B155F19256C06D200019C2F /* Release */,
			);
			defaultConfigurationIsVisible = 0;
			defaultConfigurationName = Release;
		};
/* End XCConfigurationList section */
	};
	rootObject = 1B155EFB256C06D000019C2F /* Project object */;
}
